// !$*UTF8*$!
{
	archiveVersion = 1;
	classes = {
	};
	objectVersion = 50;
	objects = {

/* Begin PBXBuildFile section */
		B01C9FDB20F658B800AB6AC5 /* main.cpp in Sources */ = {isa = PBXBuildFile; fileRef = B01C9FDA20F658B800AB6AC5 /* main.cpp */; };
		B01C9FDF20F65E4200AB6AC5 /* libopencv_aruco.3.4.1.dylib in Frameworks */ = {isa = PBXBuildFile; fileRef = B05DB9D920EE94CF00C4EBFB /* libopencv_aruco.3.4.1.dylib */; };
		B01C9FE020F65E4200AB6AC5 /* libopencv_bgsegm.3.4.1.dylib in Frameworks */ = {isa = PBXBuildFile; fileRef = B05DB9DD20EE94D000C4EBFB /* libopencv_bgsegm.3.4.1.dylib */; };
		B01C9FE120F65E4200AB6AC5 /* libopencv_bioinspired.3.4.1.dylib in Frameworks */ = {isa = PBXBuildFile; fileRef = B05DB9DC20EE94D000C4EBFB /* libopencv_bioinspired.3.4.1.dylib */; };
		B01C9FE220F65E4200AB6AC5 /* libopencv_calib3d.3.4.1.dylib in Frameworks */ = {isa = PBXBuildFile; fileRef = B05DB9ED20EE94D100C4EBFB /* libopencv_calib3d.3.4.1.dylib */; };
		B01C9FE320F65E4200AB6AC5 /* libopencv_ccalib.3.4.1.dylib in Frameworks */ = {isa = PBXBuildFile; fileRef = B05DB9EB20EE94D100C4EBFB /* libopencv_ccalib.3.4.1.dylib */; };
		B01C9FE420F65E4200AB6AC5 /* libopencv_core.3.4.1.dylib in Frameworks */ = {isa = PBXBuildFile; fileRef = B05DB9F720EE94D200C4EBFB /* libopencv_core.3.4.1.dylib */; };
		B01C9FE520F65E4200AB6AC5 /* libopencv_datasets.3.4.1.dylib in Frameworks */ = {isa = PBXBuildFile; fileRef = B05DB9EA20EE94D100C4EBFB /* libopencv_datasets.3.4.1.dylib */; };
		B01C9FE620F65E4200AB6AC5 /* libopencv_dnn_objdetect.3.4.1.dylib in Frameworks */ = {isa = PBXBuildFile; fileRef = B05DB9E320EE94D000C4EBFB /* libopencv_dnn_objdetect.3.4.1.dylib */; };
		B01C9FE720F65E4200AB6AC5 /* libopencv_dnn.3.4.1.dylib in Frameworks */ = {isa = PBXBuildFile; fileRef = B05DB9EF20EE94D100C4EBFB /* libopencv_dnn.3.4.1.dylib */; };
		B01C9FE820F65E4200AB6AC5 /* libopencv_dpm.3.4.1.dylib in Frameworks */ = {isa = PBXBuildFile; fileRef = B05DB9E520EE94D000C4EBFB /* libopencv_dpm.3.4.1.dylib */; };
		B01C9FE920F65E4200AB6AC5 /* libopencv_face.3.4.1.dylib in Frameworks */ = {isa = PBXBuildFile; fileRef = B05DB9F620EE94D200C4EBFB /* libopencv_face.3.4.1.dylib */; };
		B01C9FEA20F65E4200AB6AC5 /* libopencv_features2d.3.4.1.dylib in Frameworks */ = {isa = PBXBuildFile; fileRef = B05DB9E820EE94D000C4EBFB /* libopencv_features2d.3.4.1.dylib */; };
		B01C9FEB20F65E4200AB6AC5 /* libopencv_flann.3.4.1.dylib in Frameworks */ = {isa = PBXBuildFile; fileRef = B05DB9FB20EE94D200C4EBFB /* libopencv_flann.3.4.1.dylib */; };
		B01C9FEC20F65E4200AB6AC5 /* libopencv_fuzzy.3.4.1.dylib in Frameworks */ = {isa = PBXBuildFile; fileRef = B05DB9DE20EE94D000C4EBFB /* libopencv_fuzzy.3.4.1.dylib */; };
		B01C9FED20F65E4200AB6AC5 /* libopencv_hfs.3.4.1.dylib in Frameworks */ = {isa = PBXBuildFile; fileRef = B05DB9FA20EE94D200C4EBFB /* libopencv_hfs.3.4.1.dylib */; };
		B01C9FEE20F65E4200AB6AC5 /* libopencv_highgui.3.4.1.dylib in Frameworks */ = {isa = PBXBuildFile; fileRef = B05DB9F820EE94D200C4EBFB /* libopencv_highgui.3.4.1.dylib */; };
		B01C9FEF20F65E4200AB6AC5 /* libopencv_img_hash.3.4.1.dylib in Frameworks */ = {isa = PBXBuildFile; fileRef = B05DB9FF20EE94D200C4EBFB /* libopencv_img_hash.3.4.1.dylib */; };
		B01C9FF020F65E4200AB6AC5 /* libopencv_imgcodecs.3.4.1.dylib in Frameworks */ = {isa = PBXBuildFile; fileRef = B05DB9FC20EE94D200C4EBFB /* libopencv_imgcodecs.3.4.1.dylib */; };
		B01C9FF120F65E4200AB6AC5 /* libopencv_imgproc.3.4.1.dylib in Frameworks */ = {isa = PBXBuildFile; fileRef = B05DB9E220EE94D000C4EBFB /* libopencv_imgproc.3.4.1.dylib */; };
		B01C9FF220F65E4200AB6AC5 /* libopencv_line_descriptor.3.4.1.dylib in Frameworks */ = {isa = PBXBuildFile; fileRef = B05DBA0020EE94D200C4EBFB /* libopencv_line_descriptor.3.4.1.dylib */; };
		B01C9FF320F65E4200AB6AC5 /* libopencv_ml.3.4.1.dylib in Frameworks */ = {isa = PBXBuildFile; fileRef = B05DB9DF20EE94D000C4EBFB /* libopencv_ml.3.4.1.dylib */; };
		B01C9FF420F65E4200AB6AC5 /* libopencv_objdetect.3.4.1.dylib in Frameworks */ = {isa = PBXBuildFile; fileRef = B05DB9E920EE94D000C4EBFB /* libopencv_objdetect.3.4.1.dylib */; };
		B01C9FF520F65E4200AB6AC5 /* libopencv_optflow.3.4.1.dylib in Frameworks */ = {isa = PBXBuildFile; fileRef = B05DB9F520EE94D100C4EBFB /* libopencv_optflow.3.4.1.dylib */; };
		B01C9FF620F65E4200AB6AC5 /* libopencv_phase_unwrapping.3.4.1.dylib in Frameworks */ = {isa = PBXBuildFile; fileRef = B05DB9F120EE94D100C4EBFB /* libopencv_phase_unwrapping.3.4.1.dylib */; };
		B01C9FF720F65E4200AB6AC5 /* libopencv_photo.3.4.1.dylib in Frameworks */ = {isa = PBXBuildFile; fileRef = B05DB9FD20EE94D200C4EBFB /* libopencv_photo.3.4.1.dylib */; };
		B01C9FF820F65E4200AB6AC5 /* libopencv_plot.3.4.1.dylib in Frameworks */ = {isa = PBXBuildFile; fileRef = B05DBA0220EE94D300C4EBFB /* libopencv_plot.3.4.1.dylib */; };
		B01C9FF920F65E4200AB6AC5 /* libopencv_reg.3.4.1.dylib in Frameworks */ = {isa = PBXBuildFile; fileRef = B05DB9F220EE94D100C4EBFB /* libopencv_reg.3.4.1.dylib */; };
		B01C9FFA20F65E4200AB6AC5 /* libopencv_rgbd.3.4.1.dylib in Frameworks */ = {isa = PBXBuildFile; fileRef = B05DBA0120EE94D200C4EBFB /* libopencv_rgbd.3.4.1.dylib */; };
		B01C9FFB20F65E4200AB6AC5 /* libopencv_saliency.3.4.1.dylib in Frameworks */ = {isa = PBXBuildFile; fileRef = B05DB9E020EE94D000C4EBFB /* libopencv_saliency.3.4.1.dylib */; };
		B01C9FFC20F65E4200AB6AC5 /* libopencv_shape.3.4.1.dylib in Frameworks */ = {isa = PBXBuildFile; fileRef = B05DB9EC20EE94D100C4EBFB /* libopencv_shape.3.4.1.dylib */; };
		B01C9FFD20F65E4200AB6AC5 /* libopencv_stereo.3.4.1.dylib in Frameworks */ = {isa = PBXBuildFile; fileRef = B05DB9DB20EE94D000C4EBFB /* libopencv_stereo.3.4.1.dylib */; };
		B01C9FFE20F65E4200AB6AC5 /* libopencv_stitching.3.4.1.dylib in Frameworks */ = {isa = PBXBuildFile; fileRef = B05DB9F920EE94D200C4EBFB /* libopencv_stitching.3.4.1.dylib */; };
		B01C9FFF20F65E4200AB6AC5 /* libopencv_structured_light.3.4.1.dylib in Frameworks */ = {isa = PBXBuildFile; fileRef = B05DB9D820EE94CF00C4EBFB /* libopencv_structured_light.3.4.1.dylib */; };
		B01CA00020F65E4200AB6AC5 /* libopencv_superres.3.4.1.dylib in Frameworks */ = {isa = PBXBuildFile; fileRef = B05DB9EE20EE94D100C4EBFB /* libopencv_superres.3.4.1.dylib */; };
		B01CA00120F65E4200AB6AC5 /* libopencv_surface_matching.3.4.1.dylib in Frameworks */ = {isa = PBXBuildFile; fileRef = B05DB9F320EE94D100C4EBFB /* libopencv_surface_matching.3.4.1.dylib */; };
		B01CA00220F65E4200AB6AC5 /* libopencv_tracking.3.4.1.dylib in Frameworks */ = {isa = PBXBuildFile; fileRef = B05DB9E620EE94D000C4EBFB /* libopencv_tracking.3.4.1.dylib */; };
		B01CA00320F65E4200AB6AC5 /* libopencv_video.3.4.1.dylib in Frameworks */ = {isa = PBXBuildFile; fileRef = B05DB9E120EE94D000C4EBFB /* libopencv_video.3.4.1.dylib */; };
		B01CA00420F65E4200AB6AC5 /* libopencv_videoio.3.4.1.dylib in Frameworks */ = {isa = PBXBuildFile; fileRef = B05DB9E720EE94D000C4EBFB /* libopencv_videoio.3.4.1.dylib */; };
		B01CA00520F65E4200AB6AC5 /* libopencv_videostab.3.4.1.dylib in Frameworks */ = {isa = PBXBuildFile; fileRef = B05DB9DA20EE94D000C4EBFB /* libopencv_videostab.3.4.1.dylib */; };
		B01CA00620F65E4200AB6AC5 /* libopencv_xfeatures2d.3.4.1.dylib in Frameworks */ = {isa = PBXBuildFile; fileRef = B05DB9E420EE94D000C4EBFB /* libopencv_xfeatures2d.3.4.1.dylib */; };
		B01CA00720F65E4200AB6AC5 /* libopencv_ximgproc.3.4.1.dylib in Frameworks */ = {isa = PBXBuildFile; fileRef = B05DB9FE20EE94D200C4EBFB /* libopencv_ximgproc.3.4.1.dylib */; };
		B01CA00820F65E4200AB6AC5 /* libopencv_xobjdetect.3.4.1.dylib in Frameworks */ = {isa = PBXBuildFile; fileRef = B05DB9F420EE94D100C4EBFB /* libopencv_xobjdetect.3.4.1.dylib */; };
		B01CA00920F65E4200AB6AC5 /* libopencv_xphoto.3.4.1.dylib in Frameworks */ = {isa = PBXBuildFile; fileRef = B05DB9F020EE94D100C4EBFB /* libopencv_xphoto.3.4.1.dylib */; };
		B05DB9D420EE8A3500C4EBFB /* main.cpp in Sources */ = {isa = PBXBuildFile; fileRef = B05DB9D320EE8A3500C4EBFB /* main.cpp */; };
		B05DBA0320EE94D300C4EBFB /* libopencv_structured_light.3.4.1.dylib in Frameworks */ = {isa = PBXBuildFile; fileRef = B05DB9D820EE94CF00C4EBFB /* libopencv_structured_light.3.4.1.dylib */; };
		B05DBA0420EE94D300C4EBFB /* libopencv_structured_light.3.4.1.dylib in Frameworks */ = {isa = PBXBuildFile; fileRef = B05DB9D820EE94CF00C4EBFB /* libopencv_structured_light.3.4.1.dylib */; };
		B05DBA0520EE94D300C4EBFB /* libopencv_aruco.3.4.1.dylib in Frameworks */ = {isa = PBXBuildFile; fileRef = B05DB9D920EE94CF00C4EBFB /* libopencv_aruco.3.4.1.dylib */; };
		B05DBA0620EE94D300C4EBFB /* libopencv_aruco.3.4.1.dylib in Frameworks */ = {isa = PBXBuildFile; fileRef = B05DB9D920EE94CF00C4EBFB /* libopencv_aruco.3.4.1.dylib */; };
		B05DBA0720EE94D300C4EBFB /* libopencv_videostab.3.4.1.dylib in Frameworks */ = {isa = PBXBuildFile; fileRef = B05DB9DA20EE94D000C4EBFB /* libopencv_videostab.3.4.1.dylib */; };
		B05DBA0820EE94D300C4EBFB /* libopencv_videostab.3.4.1.dylib in Frameworks */ = {isa = PBXBuildFile; fileRef = B05DB9DA20EE94D000C4EBFB /* libopencv_videostab.3.4.1.dylib */; };
		B05DBA0920EE94D300C4EBFB /* libopencv_stereo.3.4.1.dylib in Frameworks */ = {isa = PBXBuildFile; fileRef = B05DB9DB20EE94D000C4EBFB /* libopencv_stereo.3.4.1.dylib */; };
		B05DBA0A20EE94D300C4EBFB /* libopencv_stereo.3.4.1.dylib in Frameworks */ = {isa = PBXBuildFile; fileRef = B05DB9DB20EE94D000C4EBFB /* libopencv_stereo.3.4.1.dylib */; };
		B05DBA0B20EE94D300C4EBFB /* libopencv_bioinspired.3.4.1.dylib in Frameworks */ = {isa = PBXBuildFile; fileRef = B05DB9DC20EE94D000C4EBFB /* libopencv_bioinspired.3.4.1.dylib */; };
		B05DBA0C20EE94D300C4EBFB /* libopencv_bioinspired.3.4.1.dylib in Frameworks */ = {isa = PBXBuildFile; fileRef = B05DB9DC20EE94D000C4EBFB /* libopencv_bioinspired.3.4.1.dylib */; };
		B05DBA0D20EE94D300C4EBFB /* libopencv_bgsegm.3.4.1.dylib in Frameworks */ = {isa = PBXBuildFile; fileRef = B05DB9DD20EE94D000C4EBFB /* libopencv_bgsegm.3.4.1.dylib */; };
		B05DBA0E20EE94D300C4EBFB /* libopencv_bgsegm.3.4.1.dylib in Frameworks */ = {isa = PBXBuildFile; fileRef = B05DB9DD20EE94D000C4EBFB /* libopencv_bgsegm.3.4.1.dylib */; };
		B05DBA0F20EE94D300C4EBFB /* libopencv_fuzzy.3.4.1.dylib in Frameworks */ = {isa = PBXBuildFile; fileRef = B05DB9DE20EE94D000C4EBFB /* libopencv_fuzzy.3.4.1.dylib */; };
		B05DBA1020EE94D300C4EBFB /* libopencv_fuzzy.3.4.1.dylib in Frameworks */ = {isa = PBXBuildFile; fileRef = B05DB9DE20EE94D000C4EBFB /* libopencv_fuzzy.3.4.1.dylib */; };
		B05DBA1120EE94D300C4EBFB /* libopencv_ml.3.4.1.dylib in Frameworks */ = {isa = PBXBuildFile; fileRef = B05DB9DF20EE94D000C4EBFB /* libopencv_ml.3.4.1.dylib */; };
		B05DBA1220EE94D300C4EBFB /* libopencv_ml.3.4.1.dylib in Frameworks */ = {isa = PBXBuildFile; fileRef = B05DB9DF20EE94D000C4EBFB /* libopencv_ml.3.4.1.dylib */; };
		B05DBA1320EE94D300C4EBFB /* libopencv_saliency.3.4.1.dylib in Frameworks */ = {isa = PBXBuildFile; fileRef = B05DB9E020EE94D000C4EBFB /* libopencv_saliency.3.4.1.dylib */; };
		B05DBA1420EE94D300C4EBFB /* libopencv_saliency.3.4.1.dylib in Frameworks */ = {isa = PBXBuildFile; fileRef = B05DB9E020EE94D000C4EBFB /* libopencv_saliency.3.4.1.dylib */; };
		B05DBA1520EE94D300C4EBFB /* libopencv_video.3.4.1.dylib in Frameworks */ = {isa = PBXBuildFile; fileRef = B05DB9E120EE94D000C4EBFB /* libopencv_video.3.4.1.dylib */; };
		B05DBA1620EE94D300C4EBFB /* libopencv_video.3.4.1.dylib in Frameworks */ = {isa = PBXBuildFile; fileRef = B05DB9E120EE94D000C4EBFB /* libopencv_video.3.4.1.dylib */; };
		B05DBA1720EE94D300C4EBFB /* libopencv_imgproc.3.4.1.dylib in Frameworks */ = {isa = PBXBuildFile; fileRef = B05DB9E220EE94D000C4EBFB /* libopencv_imgproc.3.4.1.dylib */; };
		B05DBA1820EE94D300C4EBFB /* libopencv_imgproc.3.4.1.dylib in Frameworks */ = {isa = PBXBuildFile; fileRef = B05DB9E220EE94D000C4EBFB /* libopencv_imgproc.3.4.1.dylib */; };
		B05DBA1920EE94D300C4EBFB /* libopencv_dnn_objdetect.3.4.1.dylib in Frameworks */ = {isa = PBXBuildFile; fileRef = B05DB9E320EE94D000C4EBFB /* libopencv_dnn_objdetect.3.4.1.dylib */; };
		B05DBA1A20EE94D300C4EBFB /* libopencv_dnn_objdetect.3.4.1.dylib in Frameworks */ = {isa = PBXBuildFile; fileRef = B05DB9E320EE94D000C4EBFB /* libopencv_dnn_objdetect.3.4.1.dylib */; };
		B05DBA1B20EE94D300C4EBFB /* libopencv_xfeatures2d.3.4.1.dylib in Frameworks */ = {isa = PBXBuildFile; fileRef = B05DB9E420EE94D000C4EBFB /* libopencv_xfeatures2d.3.4.1.dylib */; };
		B05DBA1C20EE94D300C4EBFB /* libopencv_xfeatures2d.3.4.1.dylib in Frameworks */ = {isa = PBXBuildFile; fileRef = B05DB9E420EE94D000C4EBFB /* libopencv_xfeatures2d.3.4.1.dylib */; };
		B05DBA1D20EE94D300C4EBFB /* libopencv_dpm.3.4.1.dylib in Frameworks */ = {isa = PBXBuildFile; fileRef = B05DB9E520EE94D000C4EBFB /* libopencv_dpm.3.4.1.dylib */; };
		B05DBA1E20EE94D300C4EBFB /* libopencv_dpm.3.4.1.dylib in Frameworks */ = {isa = PBXBuildFile; fileRef = B05DB9E520EE94D000C4EBFB /* libopencv_dpm.3.4.1.dylib */; };
		B05DBA1F20EE94D300C4EBFB /* libopencv_tracking.3.4.1.dylib in Frameworks */ = {isa = PBXBuildFile; fileRef = B05DB9E620EE94D000C4EBFB /* libopencv_tracking.3.4.1.dylib */; };
		B05DBA2020EE94D300C4EBFB /* libopencv_tracking.3.4.1.dylib in Frameworks */ = {isa = PBXBuildFile; fileRef = B05DB9E620EE94D000C4EBFB /* libopencv_tracking.3.4.1.dylib */; };
		B05DBA2120EE94D300C4EBFB /* libopencv_videoio.3.4.1.dylib in Frameworks */ = {isa = PBXBuildFile; fileRef = B05DB9E720EE94D000C4EBFB /* libopencv_videoio.3.4.1.dylib */; };
		B05DBA2220EE94D300C4EBFB /* libopencv_videoio.3.4.1.dylib in Frameworks */ = {isa = PBXBuildFile; fileRef = B05DB9E720EE94D000C4EBFB /* libopencv_videoio.3.4.1.dylib */; };
		B05DBA2320EE94D300C4EBFB /* libopencv_features2d.3.4.1.dylib in Frameworks */ = {isa = PBXBuildFile; fileRef = B05DB9E820EE94D000C4EBFB /* libopencv_features2d.3.4.1.dylib */; };
		B05DBA2420EE94D300C4EBFB /* libopencv_features2d.3.4.1.dylib in Frameworks */ = {isa = PBXBuildFile; fileRef = B05DB9E820EE94D000C4EBFB /* libopencv_features2d.3.4.1.dylib */; };
		B05DBA2520EE94D300C4EBFB /* libopencv_objdetect.3.4.1.dylib in Frameworks */ = {isa = PBXBuildFile; fileRef = B05DB9E920EE94D000C4EBFB /* libopencv_objdetect.3.4.1.dylib */; };
		B05DBA2620EE94D300C4EBFB /* libopencv_objdetect.3.4.1.dylib in Frameworks */ = {isa = PBXBuildFile; fileRef = B05DB9E920EE94D000C4EBFB /* libopencv_objdetect.3.4.1.dylib */; };
		B05DBA2720EE94D300C4EBFB /* libopencv_datasets.3.4.1.dylib in Frameworks */ = {isa = PBXBuildFile; fileRef = B05DB9EA20EE94D100C4EBFB /* libopencv_datasets.3.4.1.dylib */; };
		B05DBA2820EE94D300C4EBFB /* libopencv_datasets.3.4.1.dylib in Frameworks */ = {isa = PBXBuildFile; fileRef = B05DB9EA20EE94D100C4EBFB /* libopencv_datasets.3.4.1.dylib */; };
		B05DBA2920EE94D300C4EBFB /* libopencv_ccalib.3.4.1.dylib in Frameworks */ = {isa = PBXBuildFile; fileRef = B05DB9EB20EE94D100C4EBFB /* libopencv_ccalib.3.4.1.dylib */; };
		B05DBA2A20EE94D300C4EBFB /* libopencv_ccalib.3.4.1.dylib in Frameworks */ = {isa = PBXBuildFile; fileRef = B05DB9EB20EE94D100C4EBFB /* libopencv_ccalib.3.4.1.dylib */; };
		B05DBA2B20EE94D300C4EBFB /* libopencv_shape.3.4.1.dylib in Frameworks */ = {isa = PBXBuildFile; fileRef = B05DB9EC20EE94D100C4EBFB /* libopencv_shape.3.4.1.dylib */; };
		B05DBA2C20EE94D300C4EBFB /* libopencv_shape.3.4.1.dylib in Frameworks */ = {isa = PBXBuildFile; fileRef = B05DB9EC20EE94D100C4EBFB /* libopencv_shape.3.4.1.dylib */; };
		B05DBA2D20EE94D300C4EBFB /* libopencv_calib3d.3.4.1.dylib in Frameworks */ = {isa = PBXBuildFile; fileRef = B05DB9ED20EE94D100C4EBFB /* libopencv_calib3d.3.4.1.dylib */; };
		B05DBA2E20EE94D300C4EBFB /* libopencv_calib3d.3.4.1.dylib in Frameworks */ = {isa = PBXBuildFile; fileRef = B05DB9ED20EE94D100C4EBFB /* libopencv_calib3d.3.4.1.dylib */; };
		B05DBA2F20EE94D300C4EBFB /* libopencv_superres.3.4.1.dylib in Frameworks */ = {isa = PBXBuildFile; fileRef = B05DB9EE20EE94D100C4EBFB /* libopencv_superres.3.4.1.dylib */; };
		B05DBA3020EE94D300C4EBFB /* libopencv_superres.3.4.1.dylib in Frameworks */ = {isa = PBXBuildFile; fileRef = B05DB9EE20EE94D100C4EBFB /* libopencv_superres.3.4.1.dylib */; };
		B05DBA3120EE94D300C4EBFB /* libopencv_dnn.3.4.1.dylib in Frameworks */ = {isa = PBXBuildFile; fileRef = B05DB9EF20EE94D100C4EBFB /* libopencv_dnn.3.4.1.dylib */; };
		B05DBA3220EE94D300C4EBFB /* libopencv_dnn.3.4.1.dylib in Frameworks */ = {isa = PBXBuildFile; fileRef = B05DB9EF20EE94D100C4EBFB /* libopencv_dnn.3.4.1.dylib */; };
		B05DBA3320EE94D300C4EBFB /* libopencv_xphoto.3.4.1.dylib in Frameworks */ = {isa = PBXBuildFile; fileRef = B05DB9F020EE94D100C4EBFB /* libopencv_xphoto.3.4.1.dylib */; };
		B05DBA3420EE94D300C4EBFB /* libopencv_xphoto.3.4.1.dylib in Frameworks */ = {isa = PBXBuildFile; fileRef = B05DB9F020EE94D100C4EBFB /* libopencv_xphoto.3.4.1.dylib */; };
		B05DBA3520EE94D300C4EBFB /* libopencv_phase_unwrapping.3.4.1.dylib in Frameworks */ = {isa = PBXBuildFile; fileRef = B05DB9F120EE94D100C4EBFB /* libopencv_phase_unwrapping.3.4.1.dylib */; };
		B05DBA3620EE94D300C4EBFB /* libopencv_phase_unwrapping.3.4.1.dylib in Frameworks */ = {isa = PBXBuildFile; fileRef = B05DB9F120EE94D100C4EBFB /* libopencv_phase_unwrapping.3.4.1.dylib */; };
		B05DBA3720EE94D300C4EBFB /* libopencv_reg.3.4.1.dylib in Frameworks */ = {isa = PBXBuildFile; fileRef = B05DB9F220EE94D100C4EBFB /* libopencv_reg.3.4.1.dylib */; };
		B05DBA3820EE94D300C4EBFB /* libopencv_reg.3.4.1.dylib in Frameworks */ = {isa = PBXBuildFile; fileRef = B05DB9F220EE94D100C4EBFB /* libopencv_reg.3.4.1.dylib */; };
		B05DBA3920EE94D300C4EBFB /* libopencv_surface_matching.3.4.1.dylib in Frameworks */ = {isa = PBXBuildFile; fileRef = B05DB9F320EE94D100C4EBFB /* libopencv_surface_matching.3.4.1.dylib */; };
		B05DBA3A20EE94D300C4EBFB /* libopencv_surface_matching.3.4.1.dylib in Frameworks */ = {isa = PBXBuildFile; fileRef = B05DB9F320EE94D100C4EBFB /* libopencv_surface_matching.3.4.1.dylib */; };
		B05DBA3B20EE94D300C4EBFB /* libopencv_xobjdetect.3.4.1.dylib in Frameworks */ = {isa = PBXBuildFile; fileRef = B05DB9F420EE94D100C4EBFB /* libopencv_xobjdetect.3.4.1.dylib */; };
		B05DBA3C20EE94D300C4EBFB /* libopencv_xobjdetect.3.4.1.dylib in Frameworks */ = {isa = PBXBuildFile; fileRef = B05DB9F420EE94D100C4EBFB /* libopencv_xobjdetect.3.4.1.dylib */; };
		B05DBA3D20EE94D300C4EBFB /* libopencv_optflow.3.4.1.dylib in Frameworks */ = {isa = PBXBuildFile; fileRef = B05DB9F520EE94D100C4EBFB /* libopencv_optflow.3.4.1.dylib */; };
		B05DBA3E20EE94D300C4EBFB /* libopencv_optflow.3.4.1.dylib in Frameworks */ = {isa = PBXBuildFile; fileRef = B05DB9F520EE94D100C4EBFB /* libopencv_optflow.3.4.1.dylib */; };
		B05DBA3F20EE94D300C4EBFB /* libopencv_face.3.4.1.dylib in Frameworks */ = {isa = PBXBuildFile; fileRef = B05DB9F620EE94D200C4EBFB /* libopencv_face.3.4.1.dylib */; };
		B05DBA4020EE94D300C4EBFB /* libopencv_face.3.4.1.dylib in Frameworks */ = {isa = PBXBuildFile; fileRef = B05DB9F620EE94D200C4EBFB /* libopencv_face.3.4.1.dylib */; };
		B05DBA4120EE94D300C4EBFB /* libopencv_core.3.4.1.dylib in Frameworks */ = {isa = PBXBuildFile; fileRef = B05DB9F720EE94D200C4EBFB /* libopencv_core.3.4.1.dylib */; };
		B05DBA4220EE94D300C4EBFB /* libopencv_core.3.4.1.dylib in Frameworks */ = {isa = PBXBuildFile; fileRef = B05DB9F720EE94D200C4EBFB /* libopencv_core.3.4.1.dylib */; };
		B05DBA4320EE94D300C4EBFB /* libopencv_highgui.3.4.1.dylib in Frameworks */ = {isa = PBXBuildFile; fileRef = B05DB9F820EE94D200C4EBFB /* libopencv_highgui.3.4.1.dylib */; };
		B05DBA4420EE94D300C4EBFB /* libopencv_highgui.3.4.1.dylib in Frameworks */ = {isa = PBXBuildFile; fileRef = B05DB9F820EE94D200C4EBFB /* libopencv_highgui.3.4.1.dylib */; };
		B05DBA4520EE94D300C4EBFB /* libopencv_stitching.3.4.1.dylib in Frameworks */ = {isa = PBXBuildFile; fileRef = B05DB9F920EE94D200C4EBFB /* libopencv_stitching.3.4.1.dylib */; };
		B05DBA4620EE94D300C4EBFB /* libopencv_stitching.3.4.1.dylib in Frameworks */ = {isa = PBXBuildFile; fileRef = B05DB9F920EE94D200C4EBFB /* libopencv_stitching.3.4.1.dylib */; };
		B05DBA4720EE94D300C4EBFB /* libopencv_hfs.3.4.1.dylib in Frameworks */ = {isa = PBXBuildFile; fileRef = B05DB9FA20EE94D200C4EBFB /* libopencv_hfs.3.4.1.dylib */; };
		B05DBA4820EE94D300C4EBFB /* libopencv_hfs.3.4.1.dylib in Frameworks */ = {isa = PBXBuildFile; fileRef = B05DB9FA20EE94D200C4EBFB /* libopencv_hfs.3.4.1.dylib */; };
		B05DBA4920EE94D300C4EBFB /* libopencv_flann.3.4.1.dylib in Frameworks */ = {isa = PBXBuildFile; fileRef = B05DB9FB20EE94D200C4EBFB /* libopencv_flann.3.4.1.dylib */; };
		B05DBA4A20EE94D300C4EBFB /* libopencv_flann.3.4.1.dylib in Frameworks */ = {isa = PBXBuildFile; fileRef = B05DB9FB20EE94D200C4EBFB /* libopencv_flann.3.4.1.dylib */; };
		B05DBA4B20EE94D300C4EBFB /* libopencv_imgcodecs.3.4.1.dylib in Frameworks */ = {isa = PBXBuildFile; fileRef = B05DB9FC20EE94D200C4EBFB /* libopencv_imgcodecs.3.4.1.dylib */; };
		B05DBA4C20EE94D300C4EBFB /* libopencv_imgcodecs.3.4.1.dylib in Frameworks */ = {isa = PBXBuildFile; fileRef = B05DB9FC20EE94D200C4EBFB /* libopencv_imgcodecs.3.4.1.dylib */; };
		B05DBA4D20EE94D300C4EBFB /* libopencv_photo.3.4.1.dylib in Frameworks */ = {isa = PBXBuildFile; fileRef = B05DB9FD20EE94D200C4EBFB /* libopencv_photo.3.4.1.dylib */; };
		B05DBA4E20EE94D300C4EBFB /* libopencv_photo.3.4.1.dylib in Frameworks */ = {isa = PBXBuildFile; fileRef = B05DB9FD20EE94D200C4EBFB /* libopencv_photo.3.4.1.dylib */; };
		B05DBA4F20EE94D300C4EBFB /* libopencv_ximgproc.3.4.1.dylib in Frameworks */ = {isa = PBXBuildFile; fileRef = B05DB9FE20EE94D200C4EBFB /* libopencv_ximgproc.3.4.1.dylib */; };
		B05DBA5020EE94D300C4EBFB /* libopencv_ximgproc.3.4.1.dylib in Frameworks */ = {isa = PBXBuildFile; fileRef = B05DB9FE20EE94D200C4EBFB /* libopencv_ximgproc.3.4.1.dylib */; };
		B05DBA5120EE94D300C4EBFB /* libopencv_img_hash.3.4.1.dylib in Frameworks */ = {isa = PBXBuildFile; fileRef = B05DB9FF20EE94D200C4EBFB /* libopencv_img_hash.3.4.1.dylib */; };
		B05DBA5220EE94D300C4EBFB /* libopencv_img_hash.3.4.1.dylib in Frameworks */ = {isa = PBXBuildFile; fileRef = B05DB9FF20EE94D200C4EBFB /* libopencv_img_hash.3.4.1.dylib */; };
		B05DBA5320EE94D300C4EBFB /* libopencv_line_descriptor.3.4.1.dylib in Frameworks */ = {isa = PBXBuildFile; fileRef = B05DBA0020EE94D200C4EBFB /* libopencv_line_descriptor.3.4.1.dylib */; };
		B05DBA5420EE94D300C4EBFB /* libopencv_line_descriptor.3.4.1.dylib in Frameworks */ = {isa = PBXBuildFile; fileRef = B05DBA0020EE94D200C4EBFB /* libopencv_line_descriptor.3.4.1.dylib */; };
		B05DBA5520EE94D300C4EBFB /* libopencv_rgbd.3.4.1.dylib in Frameworks */ = {isa = PBXBuildFile; fileRef = B05DBA0120EE94D200C4EBFB /* libopencv_rgbd.3.4.1.dylib */; };
		B05DBA5620EE94D300C4EBFB /* libopencv_rgbd.3.4.1.dylib in Frameworks */ = {isa = PBXBuildFile; fileRef = B05DBA0120EE94D200C4EBFB /* libopencv_rgbd.3.4.1.dylib */; };
		B05DBA5720EE94D300C4EBFB /* libopencv_plot.3.4.1.dylib in Frameworks */ = {isa = PBXBuildFile; fileRef = B05DBA0220EE94D300C4EBFB /* libopencv_plot.3.4.1.dylib */; };
		B05DBA5820EE94D300C4EBFB /* libopencv_plot.3.4.1.dylib in Frameworks */ = {isa = PBXBuildFile; fileRef = B05DBA0220EE94D300C4EBFB /* libopencv_plot.3.4.1.dylib */; };
		B067611620F57D51009B8634 /* main.cpp in Sources */ = {isa = PBXBuildFile; fileRef = B067611520F57D51009B8634 /* main.cpp */; };
		B067611B20F57EFE009B8634 /* libopencv_aruco.3.4.1.dylib in Frameworks */ = {isa = PBXBuildFile; fileRef = B05DB9D920EE94CF00C4EBFB /* libopencv_aruco.3.4.1.dylib */; };
		B067611C20F57EFE009B8634 /* libopencv_bgsegm.3.4.1.dylib in Frameworks */ = {isa = PBXBuildFile; fileRef = B05DB9DD20EE94D000C4EBFB /* libopencv_bgsegm.3.4.1.dylib */; };
		B067611D20F57EFE009B8634 /* libopencv_bioinspired.3.4.1.dylib in Frameworks */ = {isa = PBXBuildFile; fileRef = B05DB9DC20EE94D000C4EBFB /* libopencv_bioinspired.3.4.1.dylib */; };
		B067611E20F57EFE009B8634 /* libopencv_calib3d.3.4.1.dylib in Frameworks */ = {isa = PBXBuildFile; fileRef = B05DB9ED20EE94D100C4EBFB /* libopencv_calib3d.3.4.1.dylib */; };
		B067611F20F57EFE009B8634 /* libopencv_ccalib.3.4.1.dylib in Frameworks */ = {isa = PBXBuildFile; fileRef = B05DB9EB20EE94D100C4EBFB /* libopencv_ccalib.3.4.1.dylib */; };
		B067612020F57EFE009B8634 /* libopencv_core.3.4.1.dylib in Frameworks */ = {isa = PBXBuildFile; fileRef = B05DB9F720EE94D200C4EBFB /* libopencv_core.3.4.1.dylib */; };
		B067612120F57EFE009B8634 /* libopencv_datasets.3.4.1.dylib in Frameworks */ = {isa = PBXBuildFile; fileRef = B05DB9EA20EE94D100C4EBFB /* libopencv_datasets.3.4.1.dylib */; };
		B067612220F57EFE009B8634 /* libopencv_dnn_objdetect.3.4.1.dylib in Frameworks */ = {isa = PBXBuildFile; fileRef = B05DB9E320EE94D000C4EBFB /* libopencv_dnn_objdetect.3.4.1.dylib */; };
		B067612320F57EFE009B8634 /* libopencv_dnn.3.4.1.dylib in Frameworks */ = {isa = PBXBuildFile; fileRef = B05DB9EF20EE94D100C4EBFB /* libopencv_dnn.3.4.1.dylib */; };
		B067612420F57EFE009B8634 /* libopencv_dpm.3.4.1.dylib in Frameworks */ = {isa = PBXBuildFile; fileRef = B05DB9E520EE94D000C4EBFB /* libopencv_dpm.3.4.1.dylib */; };
		B067612520F57EFE009B8634 /* libopencv_face.3.4.1.dylib in Frameworks */ = {isa = PBXBuildFile; fileRef = B05DB9F620EE94D200C4EBFB /* libopencv_face.3.4.1.dylib */; };
		B067612620F57EFE009B8634 /* libopencv_features2d.3.4.1.dylib in Frameworks */ = {isa = PBXBuildFile; fileRef = B05DB9E820EE94D000C4EBFB /* libopencv_features2d.3.4.1.dylib */; };
		B067612720F57EFE009B8634 /* libopencv_flann.3.4.1.dylib in Frameworks */ = {isa = PBXBuildFile; fileRef = B05DB9FB20EE94D200C4EBFB /* libopencv_flann.3.4.1.dylib */; };
		B067612820F57EFE009B8634 /* libopencv_fuzzy.3.4.1.dylib in Frameworks */ = {isa = PBXBuildFile; fileRef = B05DB9DE20EE94D000C4EBFB /* libopencv_fuzzy.3.4.1.dylib */; };
		B067612920F57EFE009B8634 /* libopencv_hfs.3.4.1.dylib in Frameworks */ = {isa = PBXBuildFile; fileRef = B05DB9FA20EE94D200C4EBFB /* libopencv_hfs.3.4.1.dylib */; };
		B067612A20F57EFE009B8634 /* libopencv_highgui.3.4.1.dylib in Frameworks */ = {isa = PBXBuildFile; fileRef = B05DB9F820EE94D200C4EBFB /* libopencv_highgui.3.4.1.dylib */; };
		B067612B20F57EFE009B8634 /* libopencv_img_hash.3.4.1.dylib in Frameworks */ = {isa = PBXBuildFile; fileRef = B05DB9FF20EE94D200C4EBFB /* libopencv_img_hash.3.4.1.dylib */; };
		B067612C20F57EFE009B8634 /* libopencv_imgcodecs.3.4.1.dylib in Frameworks */ = {isa = PBXBuildFile; fileRef = B05DB9FC20EE94D200C4EBFB /* libopencv_imgcodecs.3.4.1.dylib */; };
		B067612D20F57EFE009B8634 /* libopencv_imgproc.3.4.1.dylib in Frameworks */ = {isa = PBXBuildFile; fileRef = B05DB9E220EE94D000C4EBFB /* libopencv_imgproc.3.4.1.dylib */; };
		B067612E20F57EFE009B8634 /* libopencv_line_descriptor.3.4.1.dylib in Frameworks */ = {isa = PBXBuildFile; fileRef = B05DBA0020EE94D200C4EBFB /* libopencv_line_descriptor.3.4.1.dylib */; };
		B067612F20F57EFE009B8634 /* libopencv_ml.3.4.1.dylib in Frameworks */ = {isa = PBXBuildFile; fileRef = B05DB9DF20EE94D000C4EBFB /* libopencv_ml.3.4.1.dylib */; };
		B067613020F57EFE009B8634 /* libopencv_objdetect.3.4.1.dylib in Frameworks */ = {isa = PBXBuildFile; fileRef = B05DB9E920EE94D000C4EBFB /* libopencv_objdetect.3.4.1.dylib */; };
		B067613120F57EFE009B8634 /* libopencv_optflow.3.4.1.dylib in Frameworks */ = {isa = PBXBuildFile; fileRef = B05DB9F520EE94D100C4EBFB /* libopencv_optflow.3.4.1.dylib */; };
		B067613220F57EFE009B8634 /* libopencv_phase_unwrapping.3.4.1.dylib in Frameworks */ = {isa = PBXBuildFile; fileRef = B05DB9F120EE94D100C4EBFB /* libopencv_phase_unwrapping.3.4.1.dylib */; };
		B067613320F57EFE009B8634 /* libopencv_photo.3.4.1.dylib in Frameworks */ = {isa = PBXBuildFile; fileRef = B05DB9FD20EE94D200C4EBFB /* libopencv_photo.3.4.1.dylib */; };
		B067613420F57EFE009B8634 /* libopencv_plot.3.4.1.dylib in Frameworks */ = {isa = PBXBuildFile; fileRef = B05DBA0220EE94D300C4EBFB /* libopencv_plot.3.4.1.dylib */; };
		B067613520F57EFE009B8634 /* libopencv_reg.3.4.1.dylib in Frameworks */ = {isa = PBXBuildFile; fileRef = B05DB9F220EE94D100C4EBFB /* libopencv_reg.3.4.1.dylib */; };
		B067613620F57EFE009B8634 /* libopencv_rgbd.3.4.1.dylib in Frameworks */ = {isa = PBXBuildFile; fileRef = B05DBA0120EE94D200C4EBFB /* libopencv_rgbd.3.4.1.dylib */; };
		B067613720F57EFE009B8634 /* libopencv_saliency.3.4.1.dylib in Frameworks */ = {isa = PBXBuildFile; fileRef = B05DB9E020EE94D000C4EBFB /* libopencv_saliency.3.4.1.dylib */; };
		B067613820F57EFE009B8634 /* libopencv_shape.3.4.1.dylib in Frameworks */ = {isa = PBXBuildFile; fileRef = B05DB9EC20EE94D100C4EBFB /* libopencv_shape.3.4.1.dylib */; };
		B067613920F57EFE009B8634 /* libopencv_stereo.3.4.1.dylib in Frameworks */ = {isa = PBXBuildFile; fileRef = B05DB9DB20EE94D000C4EBFB /* libopencv_stereo.3.4.1.dylib */; };
		B067613A20F57EFE009B8634 /* libopencv_stitching.3.4.1.dylib in Frameworks */ = {isa = PBXBuildFile; fileRef = B05DB9F920EE94D200C4EBFB /* libopencv_stitching.3.4.1.dylib */; };
		B067613B20F57EFE009B8634 /* libopencv_structured_light.3.4.1.dylib in Frameworks */ = {isa = PBXBuildFile; fileRef = B05DB9D820EE94CF00C4EBFB /* libopencv_structured_light.3.4.1.dylib */; };
		B067613C20F57EFE009B8634 /* libopencv_superres.3.4.1.dylib in Frameworks */ = {isa = PBXBuildFile; fileRef = B05DB9EE20EE94D100C4EBFB /* libopencv_superres.3.4.1.dylib */; };
		B067613D20F57EFE009B8634 /* libopencv_surface_matching.3.4.1.dylib in Frameworks */ = {isa = PBXBuildFile; fileRef = B05DB9F320EE94D100C4EBFB /* libopencv_surface_matching.3.4.1.dylib */; };
		B067613E20F57EFE009B8634 /* libopencv_tracking.3.4.1.dylib in Frameworks */ = {isa = PBXBuildFile; fileRef = B05DB9E620EE94D000C4EBFB /* libopencv_tracking.3.4.1.dylib */; };
		B067613F20F57EFE009B8634 /* libopencv_video.3.4.1.dylib in Frameworks */ = {isa = PBXBuildFile; fileRef = B05DB9E120EE94D000C4EBFB /* libopencv_video.3.4.1.dylib */; };
		B067614020F57EFE009B8634 /* libopencv_videoio.3.4.1.dylib in Frameworks */ = {isa = PBXBuildFile; fileRef = B05DB9E720EE94D000C4EBFB /* libopencv_videoio.3.4.1.dylib */; };
		B067614120F57EFE009B8634 /* libopencv_videostab.3.4.1.dylib in Frameworks */ = {isa = PBXBuildFile; fileRef = B05DB9DA20EE94D000C4EBFB /* libopencv_videostab.3.4.1.dylib */; };
		B067614220F57EFE009B8634 /* libopencv_xfeatures2d.3.4.1.dylib in Frameworks */ = {isa = PBXBuildFile; fileRef = B05DB9E420EE94D000C4EBFB /* libopencv_xfeatures2d.3.4.1.dylib */; };
		B067614320F57EFE009B8634 /* libopencv_ximgproc.3.4.1.dylib in Frameworks */ = {isa = PBXBuildFile; fileRef = B05DB9FE20EE94D200C4EBFB /* libopencv_ximgproc.3.4.1.dylib */; };
		B067614420F57EFE009B8634 /* libopencv_xobjdetect.3.4.1.dylib in Frameworks */ = {isa = PBXBuildFile; fileRef = B05DB9F420EE94D100C4EBFB /* libopencv_xobjdetect.3.4.1.dylib */; };
		B067614520F57EFE009B8634 /* libopencv_xphoto.3.4.1.dylib in Frameworks */ = {isa = PBXBuildFile; fileRef = B05DB9F020EE94D100C4EBFB /* libopencv_xphoto.3.4.1.dylib */; };
/* End PBXBuildFile section */

/* Begin PBXCopyFilesBuildPhase section */
		B01C9FD620F658B800AB6AC5 /* CopyFiles */ = {
			isa = PBXCopyFilesBuildPhase;
			buildActionMask = 2147483647;
			dstPath = /usr/share/man/man1/;
			dstSubfolderSpec = 0;
			files = (
			);
			runOnlyForDeploymentPostprocessing = 1;
		};
		B05DB9C120EE899900C4EBFB /* CopyFiles */ = {
			isa = PBXCopyFilesBuildPhase;
			buildActionMask = 2147483647;
			dstPath = /usr/share/man/man1/;
			dstSubfolderSpec = 0;
			files = (
			);
			runOnlyForDeploymentPostprocessing = 1;
		};
		B05DB9CF20EE8A3500C4EBFB /* CopyFiles */ = {
			isa = PBXCopyFilesBuildPhase;
			buildActionMask = 2147483647;
			dstPath = /usr/share/man/man1/;
			dstSubfolderSpec = 0;
			files = (
			);
			runOnlyForDeploymentPostprocessing = 1;
		};
		B067611120F57D51009B8634 /* CopyFiles */ = {
			isa = PBXCopyFilesBuildPhase;
			buildActionMask = 2147483647;
			dstPath = /usr/share/man/man1/;
			dstSubfolderSpec = 0;
			files = (
			);
			runOnlyForDeploymentPostprocessing = 1;
		};
/* End PBXCopyFilesBuildPhase section */

/* Begin PBXFileReference section */
		B01C9FD820F658B800AB6AC5 /* FeatureMatching3 */ = {isa = PBXFileReference; explicitFileType = "compiled.mach-o.executable"; includeInIndex = 0; path = FeatureMatching3; sourceTree = BUILT_PRODUCTS_DIR; };
		B01C9FDA20F658B800AB6AC5 /* main.cpp */ = {isa = PBXFileReference; lastKnownFileType = sourcecode.cpp.cpp; path = main.cpp; sourceTree = "<group>"; };
		B05DB9C320EE899900C4EBFB /* OpenCV */ = {isa = PBXFileReference; explicitFileType = "compiled.mach-o.executable"; includeInIndex = 0; path = OpenCV; sourceTree = BUILT_PRODUCTS_DIR; };
		B05DB9D120EE8A3500C4EBFB /* FeatureMatching */ = {isa = PBXFileReference; explicitFileType = "compiled.mach-o.executable"; includeInIndex = 0; path = FeatureMatching; sourceTree = BUILT_PRODUCTS_DIR; };
		B05DB9D320EE8A3500C4EBFB /* main.cpp */ = {isa = PBXFileReference; lastKnownFileType = sourcecode.cpp.cpp; path = main.cpp; sourceTree = "<group>"; };
		B05DB9D820EE94CF00C4EBFB /* libopencv_structured_light.3.4.1.dylib */ = {isa = PBXFileReference; lastKnownFileType = "compiled.mach-o.dylib"; name = libopencv_structured_light.3.4.1.dylib; path = ../../../../../../../../usr/local/Cellar/opencv/3.4.1_5/lib/libopencv_structured_light.3.4.1.dylib; sourceTree = "<group>"; };
		B05DB9D920EE94CF00C4EBFB /* libopencv_aruco.3.4.1.dylib */ = {isa = PBXFileReference; lastKnownFileType = "compiled.mach-o.dylib"; name = libopencv_aruco.3.4.1.dylib; path = ../../../../../../../../usr/local/Cellar/opencv/3.4.1_5/lib/libopencv_aruco.3.4.1.dylib; sourceTree = "<group>"; };
		B05DB9DA20EE94D000C4EBFB /* libopencv_videostab.3.4.1.dylib */ = {isa = PBXFileReference; lastKnownFileType = "compiled.mach-o.dylib"; name = libopencv_videostab.3.4.1.dylib; path = ../../../../../../../../usr/local/Cellar/opencv/3.4.1_5/lib/libopencv_videostab.3.4.1.dylib; sourceTree = "<group>"; };
		B05DB9DB20EE94D000C4EBFB /* libopencv_stereo.3.4.1.dylib */ = {isa = PBXFileReference; lastKnownFileType = "compiled.mach-o.dylib"; name = libopencv_stereo.3.4.1.dylib; path = ../../../../../../../../usr/local/Cellar/opencv/3.4.1_5/lib/libopencv_stereo.3.4.1.dylib; sourceTree = "<group>"; };
		B05DB9DC20EE94D000C4EBFB /* libopencv_bioinspired.3.4.1.dylib */ = {isa = PBXFileReference; lastKnownFileType = "compiled.mach-o.dylib"; name = libopencv_bioinspired.3.4.1.dylib; path = ../../../../../../../../usr/local/Cellar/opencv/3.4.1_5/lib/libopencv_bioinspired.3.4.1.dylib; sourceTree = "<group>"; };
		B05DB9DD20EE94D000C4EBFB /* libopencv_bgsegm.3.4.1.dylib */ = {isa = PBXFileReference; lastKnownFileType = "compiled.mach-o.dylib"; name = libopencv_bgsegm.3.4.1.dylib; path = ../../../../../../../../usr/local/Cellar/opencv/3.4.1_5/lib/libopencv_bgsegm.3.4.1.dylib; sourceTree = "<group>"; };
		B05DB9DE20EE94D000C4EBFB /* libopencv_fuzzy.3.4.1.dylib */ = {isa = PBXFileReference; lastKnownFileType = "compiled.mach-o.dylib"; name = libopencv_fuzzy.3.4.1.dylib; path = ../../../../../../../../usr/local/Cellar/opencv/3.4.1_5/lib/libopencv_fuzzy.3.4.1.dylib; sourceTree = "<group>"; };
		B05DB9DF20EE94D000C4EBFB /* libopencv_ml.3.4.1.dylib */ = {isa = PBXFileReference; lastKnownFileType = "compiled.mach-o.dylib"; name = libopencv_ml.3.4.1.dylib; path = ../../../../../../../../usr/local/Cellar/opencv/3.4.1_5/lib/libopencv_ml.3.4.1.dylib; sourceTree = "<group>"; };
		B05DB9E020EE94D000C4EBFB /* libopencv_saliency.3.4.1.dylib */ = {isa = PBXFileReference; lastKnownFileType = "compiled.mach-o.dylib"; name = libopencv_saliency.3.4.1.dylib; path = ../../../../../../../../usr/local/Cellar/opencv/3.4.1_5/lib/libopencv_saliency.3.4.1.dylib; sourceTree = "<group>"; };
		B05DB9E120EE94D000C4EBFB /* libopencv_video.3.4.1.dylib */ = {isa = PBXFileReference; lastKnownFileType = "compiled.mach-o.dylib"; name = libopencv_video.3.4.1.dylib; path = ../../../../../../../../usr/local/Cellar/opencv/3.4.1_5/lib/libopencv_video.3.4.1.dylib; sourceTree = "<group>"; };
		B05DB9E220EE94D000C4EBFB /* libopencv_imgproc.3.4.1.dylib */ = {isa = PBXFileReference; lastKnownFileType = "compiled.mach-o.dylib"; name = libopencv_imgproc.3.4.1.dylib; path = ../../../../../../../../usr/local/Cellar/opencv/3.4.1_5/lib/libopencv_imgproc.3.4.1.dylib; sourceTree = "<group>"; };
		B05DB9E320EE94D000C4EBFB /* libopencv_dnn_objdetect.3.4.1.dylib */ = {isa = PBXFileReference; lastKnownFileType = "compiled.mach-o.dylib"; name = libopencv_dnn_objdetect.3.4.1.dylib; path = ../../../../../../../../usr/local/Cellar/opencv/3.4.1_5/lib/libopencv_dnn_objdetect.3.4.1.dylib; sourceTree = "<group>"; };
		B05DB9E420EE94D000C4EBFB /* libopencv_xfeatures2d.3.4.1.dylib */ = {isa = PBXFileReference; lastKnownFileType = "compiled.mach-o.dylib"; name = libopencv_xfeatures2d.3.4.1.dylib; path = ../../../../../../../../usr/local/Cellar/opencv/3.4.1_5/lib/libopencv_xfeatures2d.3.4.1.dylib; sourceTree = "<group>"; };
		B05DB9E520EE94D000C4EBFB /* libopencv_dpm.3.4.1.dylib */ = {isa = PBXFileReference; lastKnownFileType = "compiled.mach-o.dylib"; name = libopencv_dpm.3.4.1.dylib; path = ../../../../../../../../usr/local/Cellar/opencv/3.4.1_5/lib/libopencv_dpm.3.4.1.dylib; sourceTree = "<group>"; };
		B05DB9E620EE94D000C4EBFB /* libopencv_tracking.3.4.1.dylib */ = {isa = PBXFileReference; lastKnownFileType = "compiled.mach-o.dylib"; name = libopencv_tracking.3.4.1.dylib; path = ../../../../../../../../usr/local/Cellar/opencv/3.4.1_5/lib/libopencv_tracking.3.4.1.dylib; sourceTree = "<group>"; };
		B05DB9E720EE94D000C4EBFB /* libopencv_videoio.3.4.1.dylib */ = {isa = PBXFileReference; lastKnownFileType = "compiled.mach-o.dylib"; name = libopencv_videoio.3.4.1.dylib; path = ../../../../../../../../usr/local/Cellar/opencv/3.4.1_5/lib/libopencv_videoio.3.4.1.dylib; sourceTree = "<group>"; };
		B05DB9E820EE94D000C4EBFB /* libopencv_features2d.3.4.1.dylib */ = {isa = PBXFileReference; lastKnownFileType = "compiled.mach-o.dylib"; name = libopencv_features2d.3.4.1.dylib; path = ../../../../../../../../usr/local/Cellar/opencv/3.4.1_5/lib/libopencv_features2d.3.4.1.dylib; sourceTree = "<group>"; };
		B05DB9E920EE94D000C4EBFB /* libopencv_objdetect.3.4.1.dylib */ = {isa = PBXFileReference; lastKnownFileType = "compiled.mach-o.dylib"; name = libopencv_objdetect.3.4.1.dylib; path = ../../../../../../../../usr/local/Cellar/opencv/3.4.1_5/lib/libopencv_objdetect.3.4.1.dylib; sourceTree = "<group>"; };
		B05DB9EA20EE94D100C4EBFB /* libopencv_datasets.3.4.1.dylib */ = {isa = PBXFileReference; lastKnownFileType = "compiled.mach-o.dylib"; name = libopencv_datasets.3.4.1.dylib; path = ../../../../../../../../usr/local/Cellar/opencv/3.4.1_5/lib/libopencv_datasets.3.4.1.dylib; sourceTree = "<group>"; };
		B05DB9EB20EE94D100C4EBFB /* libopencv_ccalib.3.4.1.dylib */ = {isa = PBXFileReference; lastKnownFileType = "compiled.mach-o.dylib"; name = libopencv_ccalib.3.4.1.dylib; path = ../../../../../../../../usr/local/Cellar/opencv/3.4.1_5/lib/libopencv_ccalib.3.4.1.dylib; sourceTree = "<group>"; };
		B05DB9EC20EE94D100C4EBFB /* libopencv_shape.3.4.1.dylib */ = {isa = PBXFileReference; lastKnownFileType = "compiled.mach-o.dylib"; name = libopencv_shape.3.4.1.dylib; path = ../../../../../../../../usr/local/Cellar/opencv/3.4.1_5/lib/libopencv_shape.3.4.1.dylib; sourceTree = "<group>"; };
		B05DB9ED20EE94D100C4EBFB /* libopencv_calib3d.3.4.1.dylib */ = {isa = PBXFileReference; lastKnownFileType = "compiled.mach-o.dylib"; name = libopencv_calib3d.3.4.1.dylib; path = ../../../../../../../../usr/local/Cellar/opencv/3.4.1_5/lib/libopencv_calib3d.3.4.1.dylib; sourceTree = "<group>"; };
		B05DB9EE20EE94D100C4EBFB /* libopencv_superres.3.4.1.dylib */ = {isa = PBXFileReference; lastKnownFileType = "compiled.mach-o.dylib"; name = libopencv_superres.3.4.1.dylib; path = ../../../../../../../../usr/local/Cellar/opencv/3.4.1_5/lib/libopencv_superres.3.4.1.dylib; sourceTree = "<group>"; };
		B05DB9EF20EE94D100C4EBFB /* libopencv_dnn.3.4.1.dylib */ = {isa = PBXFileReference; lastKnownFileType = "compiled.mach-o.dylib"; name = libopencv_dnn.3.4.1.dylib; path = ../../../../../../../../usr/local/Cellar/opencv/3.4.1_5/lib/libopencv_dnn.3.4.1.dylib; sourceTree = "<group>"; };
		B05DB9F020EE94D100C4EBFB /* libopencv_xphoto.3.4.1.dylib */ = {isa = PBXFileReference; lastKnownFileType = "compiled.mach-o.dylib"; name = libopencv_xphoto.3.4.1.dylib; path = ../../../../../../../../usr/local/Cellar/opencv/3.4.1_5/lib/libopencv_xphoto.3.4.1.dylib; sourceTree = "<group>"; };
		B05DB9F120EE94D100C4EBFB /* libopencv_phase_unwrapping.3.4.1.dylib */ = {isa = PBXFileReference; lastKnownFileType = "compiled.mach-o.dylib"; name = libopencv_phase_unwrapping.3.4.1.dylib; path = ../../../../../../../../usr/local/Cellar/opencv/3.4.1_5/lib/libopencv_phase_unwrapping.3.4.1.dylib; sourceTree = "<group>"; };
		B05DB9F220EE94D100C4EBFB /* libopencv_reg.3.4.1.dylib */ = {isa = PBXFileReference; lastKnownFileType = "compiled.mach-o.dylib"; name = libopencv_reg.3.4.1.dylib; path = ../../../../../../../../usr/local/Cellar/opencv/3.4.1_5/lib/libopencv_reg.3.4.1.dylib; sourceTree = "<group>"; };
		B05DB9F320EE94D100C4EBFB /* libopencv_surface_matching.3.4.1.dylib */ = {isa = PBXFileReference; lastKnownFileType = "compiled.mach-o.dylib"; name = libopencv_surface_matching.3.4.1.dylib; path = ../../../../../../../../usr/local/Cellar/opencv/3.4.1_5/lib/libopencv_surface_matching.3.4.1.dylib; sourceTree = "<group>"; };
		B05DB9F420EE94D100C4EBFB /* libopencv_xobjdetect.3.4.1.dylib */ = {isa = PBXFileReference; lastKnownFileType = "compiled.mach-o.dylib"; name = libopencv_xobjdetect.3.4.1.dylib; path = ../../../../../../../../usr/local/Cellar/opencv/3.4.1_5/lib/libopencv_xobjdetect.3.4.1.dylib; sourceTree = "<group>"; };
		B05DB9F520EE94D100C4EBFB /* libopencv_optflow.3.4.1.dylib */ = {isa = PBXFileReference; lastKnownFileType = "compiled.mach-o.dylib"; name = libopencv_optflow.3.4.1.dylib; path = ../../../../../../../../usr/local/Cellar/opencv/3.4.1_5/lib/libopencv_optflow.3.4.1.dylib; sourceTree = "<group>"; };
		B05DB9F620EE94D200C4EBFB /* libopencv_face.3.4.1.dylib */ = {isa = PBXFileReference; lastKnownFileType = "compiled.mach-o.dylib"; name = libopencv_face.3.4.1.dylib; path = ../../../../../../../../usr/local/Cellar/opencv/3.4.1_5/lib/libopencv_face.3.4.1.dylib; sourceTree = "<group>"; };
		B05DB9F720EE94D200C4EBFB /* libopencv_core.3.4.1.dylib */ = {isa = PBXFileReference; lastKnownFileType = "compiled.mach-o.dylib"; name = libopencv_core.3.4.1.dylib; path = ../../../../../../../../usr/local/Cellar/opencv/3.4.1_5/lib/libopencv_core.3.4.1.dylib; sourceTree = "<group>"; };
		B05DB9F820EE94D200C4EBFB /* libopencv_highgui.3.4.1.dylib */ = {isa = PBXFileReference; lastKnownFileType = "compiled.mach-o.dylib"; name = libopencv_highgui.3.4.1.dylib; path = ../../../../../../../../usr/local/Cellar/opencv/3.4.1_5/lib/libopencv_highgui.3.4.1.dylib; sourceTree = "<group>"; };
		B05DB9F920EE94D200C4EBFB /* libopencv_stitching.3.4.1.dylib */ = {isa = PBXFileReference; lastKnownFileType = "compiled.mach-o.dylib"; name = libopencv_stitching.3.4.1.dylib; path = ../../../../../../../../usr/local/Cellar/opencv/3.4.1_5/lib/libopencv_stitching.3.4.1.dylib; sourceTree = "<group>"; };
		B05DB9FA20EE94D200C4EBFB /* libopencv_hfs.3.4.1.dylib */ = {isa = PBXFileReference; lastKnownFileType = "compiled.mach-o.dylib"; name = libopencv_hfs.3.4.1.dylib; path = ../../../../../../../../usr/local/Cellar/opencv/3.4.1_5/lib/libopencv_hfs.3.4.1.dylib; sourceTree = "<group>"; };
		B05DB9FB20EE94D200C4EBFB /* libopencv_flann.3.4.1.dylib */ = {isa = PBXFileReference; lastKnownFileType = "compiled.mach-o.dylib"; name = libopencv_flann.3.4.1.dylib; path = ../../../../../../../../usr/local/Cellar/opencv/3.4.1_5/lib/libopencv_flann.3.4.1.dylib; sourceTree = "<group>"; };
		B05DB9FC20EE94D200C4EBFB /* libopencv_imgcodecs.3.4.1.dylib */ = {isa = PBXFileReference; lastKnownFileType = "compiled.mach-o.dylib"; name = libopencv_imgcodecs.3.4.1.dylib; path = ../../../../../../../../usr/local/Cellar/opencv/3.4.1_5/lib/libopencv_imgcodecs.3.4.1.dylib; sourceTree = "<group>"; };
		B05DB9FD20EE94D200C4EBFB /* libopencv_photo.3.4.1.dylib */ = {isa = PBXFileReference; lastKnownFileType = "compiled.mach-o.dylib"; name = libopencv_photo.3.4.1.dylib; path = ../../../../../../../../usr/local/Cellar/opencv/3.4.1_5/lib/libopencv_photo.3.4.1.dylib; sourceTree = "<group>"; };
		B05DB9FE20EE94D200C4EBFB /* libopencv_ximgproc.3.4.1.dylib */ = {isa = PBXFileReference; lastKnownFileType = "compiled.mach-o.dylib"; name = libopencv_ximgproc.3.4.1.dylib; path = ../../../../../../../../usr/local/Cellar/opencv/3.4.1_5/lib/libopencv_ximgproc.3.4.1.dylib; sourceTree = "<group>"; };
		B05DB9FF20EE94D200C4EBFB /* libopencv_img_hash.3.4.1.dylib */ = {isa = PBXFileReference; lastKnownFileType = "compiled.mach-o.dylib"; name = libopencv_img_hash.3.4.1.dylib; path = ../../../../../../../../usr/local/Cellar/opencv/3.4.1_5/lib/libopencv_img_hash.3.4.1.dylib; sourceTree = "<group>"; };
		B05DBA0020EE94D200C4EBFB /* libopencv_line_descriptor.3.4.1.dylib */ = {isa = PBXFileReference; lastKnownFileType = "compiled.mach-o.dylib"; name = libopencv_line_descriptor.3.4.1.dylib; path = ../../../../../../../../usr/local/Cellar/opencv/3.4.1_5/lib/libopencv_line_descriptor.3.4.1.dylib; sourceTree = "<group>"; };
		B05DBA0120EE94D200C4EBFB /* libopencv_rgbd.3.4.1.dylib */ = {isa = PBXFileReference; lastKnownFileType = "compiled.mach-o.dylib"; name = libopencv_rgbd.3.4.1.dylib; path = ../../../../../../../../usr/local/Cellar/opencv/3.4.1_5/lib/libopencv_rgbd.3.4.1.dylib; sourceTree = "<group>"; };
		B05DBA0220EE94D300C4EBFB /* libopencv_plot.3.4.1.dylib */ = {isa = PBXFileReference; lastKnownFileType = "compiled.mach-o.dylib"; name = libopencv_plot.3.4.1.dylib; path = ../../../../../../../../usr/local/Cellar/opencv/3.4.1_5/lib/libopencv_plot.3.4.1.dylib; sourceTree = "<group>"; };
		B067611320F57D51009B8634 /* FeatureMatching2 */ = {isa = PBXFileReference; explicitFileType = "compiled.mach-o.executable"; includeInIndex = 0; path = FeatureMatching2; sourceTree = BUILT_PRODUCTS_DIR; };
		B067611520F57D51009B8634 /* main.cpp */ = {isa = PBXFileReference; lastKnownFileType = sourcecode.cpp.cpp; path = main.cpp; sourceTree = "<group>"; };
/* End PBXFileReference section */

/* Begin PBXFrameworksBuildPhase section */
		B01C9FD520F658B800AB6AC5 /* Frameworks */ = {
			isa = PBXFrameworksBuildPhase;
			buildActionMask = 2147483647;
			files = (
				B01C9FDF20F65E4200AB6AC5 /* libopencv_aruco.3.4.1.dylib in Frameworks */,
				B01C9FE020F65E4200AB6AC5 /* libopencv_bgsegm.3.4.1.dylib in Frameworks */,
				B01C9FE120F65E4200AB6AC5 /* libopencv_bioinspired.3.4.1.dylib in Frameworks */,
				B01C9FE220F65E4200AB6AC5 /* libopencv_calib3d.3.4.1.dylib in Frameworks */,
				B01C9FE320F65E4200AB6AC5 /* libopencv_ccalib.3.4.1.dylib in Frameworks */,
				B01C9FE420F65E4200AB6AC5 /* libopencv_core.3.4.1.dylib in Frameworks */,
				B01C9FE520F65E4200AB6AC5 /* libopencv_datasets.3.4.1.dylib in Frameworks */,
				B01C9FE620F65E4200AB6AC5 /* libopencv_dnn_objdetect.3.4.1.dylib in Frameworks */,
				B01C9FE720F65E4200AB6AC5 /* libopencv_dnn.3.4.1.dylib in Frameworks */,
				B01C9FE820F65E4200AB6AC5 /* libopencv_dpm.3.4.1.dylib in Frameworks */,
				B01C9FE920F65E4200AB6AC5 /* libopencv_face.3.4.1.dylib in Frameworks */,
				B01C9FEA20F65E4200AB6AC5 /* libopencv_features2d.3.4.1.dylib in Frameworks */,
				B01C9FEB20F65E4200AB6AC5 /* libopencv_flann.3.4.1.dylib in Frameworks */,
				B01C9FEC20F65E4200AB6AC5 /* libopencv_fuzzy.3.4.1.dylib in Frameworks */,
				B01C9FED20F65E4200AB6AC5 /* libopencv_hfs.3.4.1.dylib in Frameworks */,
				B01C9FEE20F65E4200AB6AC5 /* libopencv_highgui.3.4.1.dylib in Frameworks */,
				B01C9FEF20F65E4200AB6AC5 /* libopencv_img_hash.3.4.1.dylib in Frameworks */,
				B01C9FF020F65E4200AB6AC5 /* libopencv_imgcodecs.3.4.1.dylib in Frameworks */,
				B01C9FF120F65E4200AB6AC5 /* libopencv_imgproc.3.4.1.dylib in Frameworks */,
				B01C9FF220F65E4200AB6AC5 /* libopencv_line_descriptor.3.4.1.dylib in Frameworks */,
				B01C9FF320F65E4200AB6AC5 /* libopencv_ml.3.4.1.dylib in Frameworks */,
				B01C9FF420F65E4200AB6AC5 /* libopencv_objdetect.3.4.1.dylib in Frameworks */,
				B01C9FF520F65E4200AB6AC5 /* libopencv_optflow.3.4.1.dylib in Frameworks */,
				B01C9FF620F65E4200AB6AC5 /* libopencv_phase_unwrapping.3.4.1.dylib in Frameworks */,
				B01C9FF720F65E4200AB6AC5 /* libopencv_photo.3.4.1.dylib in Frameworks */,
				B01C9FF820F65E4200AB6AC5 /* libopencv_plot.3.4.1.dylib in Frameworks */,
				B01C9FF920F65E4200AB6AC5 /* libopencv_reg.3.4.1.dylib in Frameworks */,
				B01C9FFA20F65E4200AB6AC5 /* libopencv_rgbd.3.4.1.dylib in Frameworks */,
				B01C9FFB20F65E4200AB6AC5 /* libopencv_saliency.3.4.1.dylib in Frameworks */,
				B01C9FFC20F65E4200AB6AC5 /* libopencv_shape.3.4.1.dylib in Frameworks */,
				B01C9FFD20F65E4200AB6AC5 /* libopencv_stereo.3.4.1.dylib in Frameworks */,
				B01C9FFE20F65E4200AB6AC5 /* libopencv_stitching.3.4.1.dylib in Frameworks */,
				B01C9FFF20F65E4200AB6AC5 /* libopencv_structured_light.3.4.1.dylib in Frameworks */,
				B01CA00020F65E4200AB6AC5 /* libopencv_superres.3.4.1.dylib in Frameworks */,
				B01CA00120F65E4200AB6AC5 /* libopencv_surface_matching.3.4.1.dylib in Frameworks */,
				B01CA00220F65E4200AB6AC5 /* libopencv_tracking.3.4.1.dylib in Frameworks */,
				B01CA00320F65E4200AB6AC5 /* libopencv_video.3.4.1.dylib in Frameworks */,
				B01CA00420F65E4200AB6AC5 /* libopencv_videoio.3.4.1.dylib in Frameworks */,
				B01CA00520F65E4200AB6AC5 /* libopencv_videostab.3.4.1.dylib in Frameworks */,
				B01CA00620F65E4200AB6AC5 /* libopencv_xfeatures2d.3.4.1.dylib in Frameworks */,
				B01CA00720F65E4200AB6AC5 /* libopencv_ximgproc.3.4.1.dylib in Frameworks */,
				B01CA00820F65E4200AB6AC5 /* libopencv_xobjdetect.3.4.1.dylib in Frameworks */,
				B01CA00920F65E4200AB6AC5 /* libopencv_xphoto.3.4.1.dylib in Frameworks */,
			);
			runOnlyForDeploymentPostprocessing = 0;
		};
		B05DB9C020EE899900C4EBFB /* Frameworks */ = {
			isa = PBXFrameworksBuildPhase;
			buildActionMask = 2147483647;
			files = (
				B05DBA2D20EE94D300C4EBFB /* libopencv_calib3d.3.4.1.dylib in Frameworks */,
				B05DBA3F20EE94D300C4EBFB /* libopencv_face.3.4.1.dylib in Frameworks */,
				B05DBA0520EE94D300C4EBFB /* libopencv_aruco.3.4.1.dylib in Frameworks */,
				B05DBA2F20EE94D300C4EBFB /* libopencv_superres.3.4.1.dylib in Frameworks */,
				B05DBA3D20EE94D300C4EBFB /* libopencv_optflow.3.4.1.dylib in Frameworks */,
				B05DBA2B20EE94D300C4EBFB /* libopencv_shape.3.4.1.dylib in Frameworks */,
				B05DBA2120EE94D300C4EBFB /* libopencv_videoio.3.4.1.dylib in Frameworks */,
				B05DBA1D20EE94D300C4EBFB /* libopencv_dpm.3.4.1.dylib in Frameworks */,
				B05DBA4120EE94D300C4EBFB /* libopencv_core.3.4.1.dylib in Frameworks */,
				B05DBA3520EE94D300C4EBFB /* libopencv_phase_unwrapping.3.4.1.dylib in Frameworks */,
				B05DBA3120EE94D300C4EBFB /* libopencv_dnn.3.4.1.dylib in Frameworks */,
				B05DBA0B20EE94D300C4EBFB /* libopencv_bioinspired.3.4.1.dylib in Frameworks */,
				B05DBA0F20EE94D300C4EBFB /* libopencv_fuzzy.3.4.1.dylib in Frameworks */,
				B05DBA5720EE94D300C4EBFB /* libopencv_plot.3.4.1.dylib in Frameworks */,
				B05DBA3920EE94D300C4EBFB /* libopencv_surface_matching.3.4.1.dylib in Frameworks */,
				B05DBA3B20EE94D300C4EBFB /* libopencv_xobjdetect.3.4.1.dylib in Frameworks */,
				B05DBA3720EE94D300C4EBFB /* libopencv_reg.3.4.1.dylib in Frameworks */,
				B05DBA3320EE94D300C4EBFB /* libopencv_xphoto.3.4.1.dylib in Frameworks */,
				B05DBA1F20EE94D300C4EBFB /* libopencv_tracking.3.4.1.dylib in Frameworks */,
				B05DBA5520EE94D300C4EBFB /* libopencv_rgbd.3.4.1.dylib in Frameworks */,
				B05DBA4720EE94D300C4EBFB /* libopencv_hfs.3.4.1.dylib in Frameworks */,
				B05DBA1520EE94D300C4EBFB /* libopencv_video.3.4.1.dylib in Frameworks */,
				B05DBA0320EE94D300C4EBFB /* libopencv_structured_light.3.4.1.dylib in Frameworks */,
				B05DBA4B20EE94D300C4EBFB /* libopencv_imgcodecs.3.4.1.dylib in Frameworks */,
				B05DBA1720EE94D300C4EBFB /* libopencv_imgproc.3.4.1.dylib in Frameworks */,
				B05DBA0720EE94D300C4EBFB /* libopencv_videostab.3.4.1.dylib in Frameworks */,
				B05DBA1920EE94D300C4EBFB /* libopencv_dnn_objdetect.3.4.1.dylib in Frameworks */,
				B05DBA2920EE94D300C4EBFB /* libopencv_ccalib.3.4.1.dylib in Frameworks */,
				B05DBA0D20EE94D300C4EBFB /* libopencv_bgsegm.3.4.1.dylib in Frameworks */,
				B05DBA4520EE94D300C4EBFB /* libopencv_stitching.3.4.1.dylib in Frameworks */,
				B05DBA2520EE94D300C4EBFB /* libopencv_objdetect.3.4.1.dylib in Frameworks */,
				B05DBA2320EE94D300C4EBFB /* libopencv_features2d.3.4.1.dylib in Frameworks */,
				B05DBA1B20EE94D300C4EBFB /* libopencv_xfeatures2d.3.4.1.dylib in Frameworks */,
				B05DBA4320EE94D300C4EBFB /* libopencv_highgui.3.4.1.dylib in Frameworks */,
				B05DBA4920EE94D300C4EBFB /* libopencv_flann.3.4.1.dylib in Frameworks */,
				B05DBA1120EE94D300C4EBFB /* libopencv_ml.3.4.1.dylib in Frameworks */,
				B05DBA4D20EE94D300C4EBFB /* libopencv_photo.3.4.1.dylib in Frameworks */,
				B05DBA5320EE94D300C4EBFB /* libopencv_line_descriptor.3.4.1.dylib in Frameworks */,
				B05DBA5120EE94D300C4EBFB /* libopencv_img_hash.3.4.1.dylib in Frameworks */,
				B05DBA2720EE94D300C4EBFB /* libopencv_datasets.3.4.1.dylib in Frameworks */,
				B05DBA0920EE94D300C4EBFB /* libopencv_stereo.3.4.1.dylib in Frameworks */,
				B05DBA4F20EE94D300C4EBFB /* libopencv_ximgproc.3.4.1.dylib in Frameworks */,
				B05DBA1320EE94D300C4EBFB /* libopencv_saliency.3.4.1.dylib in Frameworks */,
			);
			runOnlyForDeploymentPostprocessing = 0;
		};
		B05DB9CE20EE8A3500C4EBFB /* Frameworks */ = {
			isa = PBXFrameworksBuildPhase;
			buildActionMask = 2147483647;
			files = (
				B05DBA2E20EE94D300C4EBFB /* libopencv_calib3d.3.4.1.dylib in Frameworks */,
				B05DBA4020EE94D300C4EBFB /* libopencv_face.3.4.1.dylib in Frameworks */,
				B05DBA0620EE94D300C4EBFB /* libopencv_aruco.3.4.1.dylib in Frameworks */,
				B05DBA3020EE94D300C4EBFB /* libopencv_superres.3.4.1.dylib in Frameworks */,
				B05DBA3E20EE94D300C4EBFB /* libopencv_optflow.3.4.1.dylib in Frameworks */,
				B05DBA2C20EE94D300C4EBFB /* libopencv_shape.3.4.1.dylib in Frameworks */,
				B05DBA2220EE94D300C4EBFB /* libopencv_videoio.3.4.1.dylib in Frameworks */,
				B05DBA1E20EE94D300C4EBFB /* libopencv_dpm.3.4.1.dylib in Frameworks */,
				B05DBA4220EE94D300C4EBFB /* libopencv_core.3.4.1.dylib in Frameworks */,
				B05DBA3620EE94D300C4EBFB /* libopencv_phase_unwrapping.3.4.1.dylib in Frameworks */,
				B05DBA3220EE94D300C4EBFB /* libopencv_dnn.3.4.1.dylib in Frameworks */,
				B05DBA0C20EE94D300C4EBFB /* libopencv_bioinspired.3.4.1.dylib in Frameworks */,
				B05DBA1020EE94D300C4EBFB /* libopencv_fuzzy.3.4.1.dylib in Frameworks */,
				B05DBA5820EE94D300C4EBFB /* libopencv_plot.3.4.1.dylib in Frameworks */,
				B05DBA3A20EE94D300C4EBFB /* libopencv_surface_matching.3.4.1.dylib in Frameworks */,
				B05DBA3C20EE94D300C4EBFB /* libopencv_xobjdetect.3.4.1.dylib in Frameworks */,
				B05DBA3820EE94D300C4EBFB /* libopencv_reg.3.4.1.dylib in Frameworks */,
				B05DBA3420EE94D300C4EBFB /* libopencv_xphoto.3.4.1.dylib in Frameworks */,
				B05DBA2020EE94D300C4EBFB /* libopencv_tracking.3.4.1.dylib in Frameworks */,
				B05DBA5620EE94D300C4EBFB /* libopencv_rgbd.3.4.1.dylib in Frameworks */,
				B05DBA4820EE94D300C4EBFB /* libopencv_hfs.3.4.1.dylib in Frameworks */,
				B05DBA1620EE94D300C4EBFB /* libopencv_video.3.4.1.dylib in Frameworks */,
				B05DBA0420EE94D300C4EBFB /* libopencv_structured_light.3.4.1.dylib in Frameworks */,
				B05DBA4C20EE94D300C4EBFB /* libopencv_imgcodecs.3.4.1.dylib in Frameworks */,
				B05DBA1820EE94D300C4EBFB /* libopencv_imgproc.3.4.1.dylib in Frameworks */,
				B05DBA0820EE94D300C4EBFB /* libopencv_videostab.3.4.1.dylib in Frameworks */,
				B05DBA1A20EE94D300C4EBFB /* libopencv_dnn_objdetect.3.4.1.dylib in Frameworks */,
				B05DBA2A20EE94D300C4EBFB /* libopencv_ccalib.3.4.1.dylib in Frameworks */,
				B05DBA0E20EE94D300C4EBFB /* libopencv_bgsegm.3.4.1.dylib in Frameworks */,
				B05DBA4620EE94D300C4EBFB /* libopencv_stitching.3.4.1.dylib in Frameworks */,
				B05DBA2620EE94D300C4EBFB /* libopencv_objdetect.3.4.1.dylib in Frameworks */,
				B05DBA2420EE94D300C4EBFB /* libopencv_features2d.3.4.1.dylib in Frameworks */,
				B05DBA1C20EE94D300C4EBFB /* libopencv_xfeatures2d.3.4.1.dylib in Frameworks */,
				B05DBA4420EE94D300C4EBFB /* libopencv_highgui.3.4.1.dylib in Frameworks */,
				B05DBA4A20EE94D300C4EBFB /* libopencv_flann.3.4.1.dylib in Frameworks */,
				B05DBA1220EE94D300C4EBFB /* libopencv_ml.3.4.1.dylib in Frameworks */,
				B05DBA4E20EE94D300C4EBFB /* libopencv_photo.3.4.1.dylib in Frameworks */,
				B05DBA5420EE94D300C4EBFB /* libopencv_line_descriptor.3.4.1.dylib in Frameworks */,
				B05DBA5220EE94D300C4EBFB /* libopencv_img_hash.3.4.1.dylib in Frameworks */,
				B05DBA2820EE94D300C4EBFB /* libopencv_datasets.3.4.1.dylib in Frameworks */,
				B05DBA0A20EE94D300C4EBFB /* libopencv_stereo.3.4.1.dylib in Frameworks */,
				B05DBA5020EE94D300C4EBFB /* libopencv_ximgproc.3.4.1.dylib in Frameworks */,
				B05DBA1420EE94D300C4EBFB /* libopencv_saliency.3.4.1.dylib in Frameworks */,
			);
			runOnlyForDeploymentPostprocessing = 0;
		};
		B067611020F57D51009B8634 /* Frameworks */ = {
			isa = PBXFrameworksBuildPhase;
			buildActionMask = 2147483647;
			files = (
				B067611B20F57EFE009B8634 /* libopencv_aruco.3.4.1.dylib in Frameworks */,
				B067611C20F57EFE009B8634 /* libopencv_bgsegm.3.4.1.dylib in Frameworks */,
				B067611D20F57EFE009B8634 /* libopencv_bioinspired.3.4.1.dylib in Frameworks */,
				B067611E20F57EFE009B8634 /* libopencv_calib3d.3.4.1.dylib in Frameworks */,
				B067611F20F57EFE009B8634 /* libopencv_ccalib.3.4.1.dylib in Frameworks */,
				B067612020F57EFE009B8634 /* libopencv_core.3.4.1.dylib in Frameworks */,
				B067612120F57EFE009B8634 /* libopencv_datasets.3.4.1.dylib in Frameworks */,
				B067612220F57EFE009B8634 /* libopencv_dnn_objdetect.3.4.1.dylib in Frameworks */,
				B067612320F57EFE009B8634 /* libopencv_dnn.3.4.1.dylib in Frameworks */,
				B067612420F57EFE009B8634 /* libopencv_dpm.3.4.1.dylib in Frameworks */,
				B067612520F57EFE009B8634 /* libopencv_face.3.4.1.dylib in Frameworks */,
				B067612620F57EFE009B8634 /* libopencv_features2d.3.4.1.dylib in Frameworks */,
				B067612720F57EFE009B8634 /* libopencv_flann.3.4.1.dylib in Frameworks */,
				B067612820F57EFE009B8634 /* libopencv_fuzzy.3.4.1.dylib in Frameworks */,
				B067612920F57EFE009B8634 /* libopencv_hfs.3.4.1.dylib in Frameworks */,
				B067612A20F57EFE009B8634 /* libopencv_highgui.3.4.1.dylib in Frameworks */,
				B067612B20F57EFE009B8634 /* libopencv_img_hash.3.4.1.dylib in Frameworks */,
				B067612C20F57EFE009B8634 /* libopencv_imgcodecs.3.4.1.dylib in Frameworks */,
				B067612D20F57EFE009B8634 /* libopencv_imgproc.3.4.1.dylib in Frameworks */,
				B067612E20F57EFE009B8634 /* libopencv_line_descriptor.3.4.1.dylib in Frameworks */,
				B067612F20F57EFE009B8634 /* libopencv_ml.3.4.1.dylib in Frameworks */,
				B067613020F57EFE009B8634 /* libopencv_objdetect.3.4.1.dylib in Frameworks */,
				B067613120F57EFE009B8634 /* libopencv_optflow.3.4.1.dylib in Frameworks */,
				B067613220F57EFE009B8634 /* libopencv_phase_unwrapping.3.4.1.dylib in Frameworks */,
				B067613320F57EFE009B8634 /* libopencv_photo.3.4.1.dylib in Frameworks */,
				B067613420F57EFE009B8634 /* libopencv_plot.3.4.1.dylib in Frameworks */,
				B067613520F57EFE009B8634 /* libopencv_reg.3.4.1.dylib in Frameworks */,
				B067613620F57EFE009B8634 /* libopencv_rgbd.3.4.1.dylib in Frameworks */,
				B067613720F57EFE009B8634 /* libopencv_saliency.3.4.1.dylib in Frameworks */,
				B067613820F57EFE009B8634 /* libopencv_shape.3.4.1.dylib in Frameworks */,
				B067613920F57EFE009B8634 /* libopencv_stereo.3.4.1.dylib in Frameworks */,
				B067613A20F57EFE009B8634 /* libopencv_stitching.3.4.1.dylib in Frameworks */,
				B067613B20F57EFE009B8634 /* libopencv_structured_light.3.4.1.dylib in Frameworks */,
				B067613C20F57EFE009B8634 /* libopencv_superres.3.4.1.dylib in Frameworks */,
				B067613D20F57EFE009B8634 /* libopencv_surface_matching.3.4.1.dylib in Frameworks */,
				B067613E20F57EFE009B8634 /* libopencv_tracking.3.4.1.dylib in Frameworks */,
				B067613F20F57EFE009B8634 /* libopencv_video.3.4.1.dylib in Frameworks */,
				B067614020F57EFE009B8634 /* libopencv_videoio.3.4.1.dylib in Frameworks */,
				B067614120F57EFE009B8634 /* libopencv_videostab.3.4.1.dylib in Frameworks */,
				B067614220F57EFE009B8634 /* libopencv_xfeatures2d.3.4.1.dylib in Frameworks */,
				B067614320F57EFE009B8634 /* libopencv_ximgproc.3.4.1.dylib in Frameworks */,
				B067614420F57EFE009B8634 /* libopencv_xobjdetect.3.4.1.dylib in Frameworks */,
				B067614520F57EFE009B8634 /* libopencv_xphoto.3.4.1.dylib in Frameworks */,
			);
			runOnlyForDeploymentPostprocessing = 0;
		};
/* End PBXFrameworksBuildPhase section */

/* Begin PBXGroup section */
		B01C9FD920F658B800AB6AC5 /* FeatureMatching3 */ = {
			isa = PBXGroup;
			children = (
				B01C9FDA20F658B800AB6AC5 /* main.cpp */,
			);
			path = FeatureMatching3;
			sourceTree = "<group>";
		};
		B05DB9BA20EE899900C4EBFB = {
			isa = PBXGroup;
			children = (
				B05DB9D920EE94CF00C4EBFB /* libopencv_aruco.3.4.1.dylib */,
				B05DB9DD20EE94D000C4EBFB /* libopencv_bgsegm.3.4.1.dylib */,
				B05DB9DC20EE94D000C4EBFB /* libopencv_bioinspired.3.4.1.dylib */,
				B05DB9ED20EE94D100C4EBFB /* libopencv_calib3d.3.4.1.dylib */,
				B05DB9EB20EE94D100C4EBFB /* libopencv_ccalib.3.4.1.dylib */,
				B05DB9F720EE94D200C4EBFB /* libopencv_core.3.4.1.dylib */,
				B05DB9EA20EE94D100C4EBFB /* libopencv_datasets.3.4.1.dylib */,
				B05DB9E320EE94D000C4EBFB /* libopencv_dnn_objdetect.3.4.1.dylib */,
				B05DB9EF20EE94D100C4EBFB /* libopencv_dnn.3.4.1.dylib */,
				B05DB9E520EE94D000C4EBFB /* libopencv_dpm.3.4.1.dylib */,
				B05DB9F620EE94D200C4EBFB /* libopencv_face.3.4.1.dylib */,
				B05DB9E820EE94D000C4EBFB /* libopencv_features2d.3.4.1.dylib */,
				B05DB9FB20EE94D200C4EBFB /* libopencv_flann.3.4.1.dylib */,
				B05DB9DE20EE94D000C4EBFB /* libopencv_fuzzy.3.4.1.dylib */,
				B05DB9FA20EE94D200C4EBFB /* libopencv_hfs.3.4.1.dylib */,
				B05DB9F820EE94D200C4EBFB /* libopencv_highgui.3.4.1.dylib */,
				B05DB9FF20EE94D200C4EBFB /* libopencv_img_hash.3.4.1.dylib */,
				B05DB9FC20EE94D200C4EBFB /* libopencv_imgcodecs.3.4.1.dylib */,
				B05DB9E220EE94D000C4EBFB /* libopencv_imgproc.3.4.1.dylib */,
				B05DBA0020EE94D200C4EBFB /* libopencv_line_descriptor.3.4.1.dylib */,
				B05DB9DF20EE94D000C4EBFB /* libopencv_ml.3.4.1.dylib */,
				B05DB9E920EE94D000C4EBFB /* libopencv_objdetect.3.4.1.dylib */,
				B05DB9F520EE94D100C4EBFB /* libopencv_optflow.3.4.1.dylib */,
				B05DB9F120EE94D100C4EBFB /* libopencv_phase_unwrapping.3.4.1.dylib */,
				B05DB9FD20EE94D200C4EBFB /* libopencv_photo.3.4.1.dylib */,
				B05DBA0220EE94D300C4EBFB /* libopencv_plot.3.4.1.dylib */,
				B05DB9F220EE94D100C4EBFB /* libopencv_reg.3.4.1.dylib */,
				B05DBA0120EE94D200C4EBFB /* libopencv_rgbd.3.4.1.dylib */,
				B05DB9E020EE94D000C4EBFB /* libopencv_saliency.3.4.1.dylib */,
				B05DB9EC20EE94D100C4EBFB /* libopencv_shape.3.4.1.dylib */,
				B05DB9DB20EE94D000C4EBFB /* libopencv_stereo.3.4.1.dylib */,
				B05DB9F920EE94D200C4EBFB /* libopencv_stitching.3.4.1.dylib */,
				B05DB9D820EE94CF00C4EBFB /* libopencv_structured_light.3.4.1.dylib */,
				B05DB9EE20EE94D100C4EBFB /* libopencv_superres.3.4.1.dylib */,
				B05DB9F320EE94D100C4EBFB /* libopencv_surface_matching.3.4.1.dylib */,
				B05DB9E620EE94D000C4EBFB /* libopencv_tracking.3.4.1.dylib */,
				B05DB9E120EE94D000C4EBFB /* libopencv_video.3.4.1.dylib */,
				B05DB9E720EE94D000C4EBFB /* libopencv_videoio.3.4.1.dylib */,
				B05DB9DA20EE94D000C4EBFB /* libopencv_videostab.3.4.1.dylib */,
				B05DB9E420EE94D000C4EBFB /* libopencv_xfeatures2d.3.4.1.dylib */,
				B05DB9FE20EE94D200C4EBFB /* libopencv_ximgproc.3.4.1.dylib */,
				B05DB9F420EE94D100C4EBFB /* libopencv_xobjdetect.3.4.1.dylib */,
				B05DB9F020EE94D100C4EBFB /* libopencv_xphoto.3.4.1.dylib */,
				B05DB9D220EE8A3500C4EBFB /* FeatureMatching */,
				B067611420F57D51009B8634 /* FeatureMatching2 */,
				B01C9FD920F658B800AB6AC5 /* FeatureMatching3 */,
				B05DB9C420EE899900C4EBFB /* Products */,
				B067611A20F57EFE009B8634 /* Frameworks */,
			);
			sourceTree = "<group>";
		};
		B05DB9C420EE899900C4EBFB /* Products */ = {
			isa = PBXGroup;
			children = (
				B05DB9C320EE899900C4EBFB /* OpenCV */,
				B05DB9D120EE8A3500C4EBFB /* FeatureMatching */,
				B067611320F57D51009B8634 /* FeatureMatching2 */,
				B01C9FD820F658B800AB6AC5 /* FeatureMatching3 */,
			);
			name = Products;
			sourceTree = "<group>";
		};
		B05DB9D220EE8A3500C4EBFB /* FeatureMatching */ = {
			isa = PBXGroup;
			children = (
				B05DB9D320EE8A3500C4EBFB /* main.cpp */,
			);
			path = FeatureMatching;
			sourceTree = "<group>";
		};
		B067611420F57D51009B8634 /* FeatureMatching2 */ = {
			isa = PBXGroup;
			children = (
				B067611520F57D51009B8634 /* main.cpp */,
			);
			path = FeatureMatching2;
			sourceTree = "<group>";
		};
		B067611A20F57EFE009B8634 /* Frameworks */ = {
			isa = PBXGroup;
			children = (
			);
			name = Frameworks;
			sourceTree = "<group>";
		};
/* End PBXGroup section */

/* Begin PBXNativeTarget section */
		B01C9FD720F658B800AB6AC5 /* FeatureMatching3 */ = {
			isa = PBXNativeTarget;
			buildConfigurationList = B01C9FDE20F658B800AB6AC5 /* Build configuration list for PBXNativeTarget "FeatureMatching3" */;
			buildPhases = (
				B01C9FD420F658B800AB6AC5 /* Sources */,
				B01C9FD520F658B800AB6AC5 /* Frameworks */,
				B01C9FD620F658B800AB6AC5 /* CopyFiles */,
			);
			buildRules = (
			);
			dependencies = (
			);
			name = FeatureMatching3;
			productName = FeatureMatching3;
			productReference = B01C9FD820F658B800AB6AC5 /* FeatureMatching3 */;
			productType = "com.apple.product-type.tool";
		};
		B05DB9C220EE899900C4EBFB /* OpenCV */ = {
			isa = PBXNativeTarget;
			buildConfigurationList = B05DB9CA20EE899900C4EBFB /* Build configuration list for PBXNativeTarget "OpenCV" */;
			buildPhases = (
				B05DB9BF20EE899900C4EBFB /* Sources */,
				B05DB9C020EE899900C4EBFB /* Frameworks */,
				B05DB9C120EE899900C4EBFB /* CopyFiles */,
			);
			buildRules = (
			);
			dependencies = (
			);
			name = OpenCV;
			productName = OpenCV;
			productReference = B05DB9C320EE899900C4EBFB /* OpenCV */;
			productType = "com.apple.product-type.tool";
		};
		B05DB9D020EE8A3500C4EBFB /* FeatureMatching */ = {
			isa = PBXNativeTarget;
			buildConfigurationList = B05DB9D520EE8A3500C4EBFB /* Build configuration list for PBXNativeTarget "FeatureMatching" */;
			buildPhases = (
				B05DB9CD20EE8A3500C4EBFB /* Sources */,
				B05DB9CE20EE8A3500C4EBFB /* Frameworks */,
				B05DB9CF20EE8A3500C4EBFB /* CopyFiles */,
			);
			buildRules = (
			);
			dependencies = (
			);
			name = FeatureMatching;
			productName = FeatureMatching;
			productReference = B05DB9D120EE8A3500C4EBFB /* FeatureMatching */;
			productType = "com.apple.product-type.tool";
		};
		B067611220F57D51009B8634 /* FeatureMatching2 */ = {
			isa = PBXNativeTarget;
			buildConfigurationList = B067611720F57D51009B8634 /* Build configuration list for PBXNativeTarget "FeatureMatching2" */;
			buildPhases = (
				B067610F20F57D51009B8634 /* Sources */,
				B067611020F57D51009B8634 /* Frameworks */,
				B067611120F57D51009B8634 /* CopyFiles */,
			);
			buildRules = (
			);
			dependencies = (
			);
			name = FeatureMatching2;
			productName = FeatureMatching2;
			productReference = B067611320F57D51009B8634 /* FeatureMatching2 */;
			productType = "com.apple.product-type.tool";
		};
/* End PBXNativeTarget section */

/* Begin PBXProject section */
		B05DB9BB20EE899900C4EBFB /* Project object */ = {
			isa = PBXProject;
			attributes = {
				LastUpgradeCheck = 0940;
				ORGANIZATIONNAME = "Steven Cassidy";
				TargetAttributes = {
					B01C9FD720F658B800AB6AC5 = {
						CreatedOnToolsVersion = 9.4.1;
					};
					B05DB9C220EE899900C4EBFB = {
						CreatedOnToolsVersion = 9.4.1;
					};
					B05DB9D020EE8A3500C4EBFB = {
						CreatedOnToolsVersion = 9.4.1;
					};
					B067611220F57D51009B8634 = {
						CreatedOnToolsVersion = 9.4.1;
					};
				};
			};
			buildConfigurationList = B05DB9BE20EE899900C4EBFB /* Build configuration list for PBXProject "OpenCV" */;
			compatibilityVersion = "Xcode 9.3";
			developmentRegion = en;
			hasScannedForEncodings = 0;
			knownRegions = (
				en,
			);
			mainGroup = B05DB9BA20EE899900C4EBFB;
			productRefGroup = B05DB9C420EE899900C4EBFB /* Products */;
			projectDirPath = "";
			projectRoot = "";
			targets = (
				B05DB9C220EE899900C4EBFB /* OpenCV */,
				B05DB9D020EE8A3500C4EBFB /* FeatureMatching */,
				B067611220F57D51009B8634 /* FeatureMatching2 */,
				B01C9FD720F658B800AB6AC5 /* FeatureMatching3 */,
			);
		};
/* End PBXProject section */

/* Begin PBXSourcesBuildPhase section */
		B01C9FD420F658B800AB6AC5 /* Sources */ = {
			isa = PBXSourcesBuildPhase;
			buildActionMask = 2147483647;
			files = (
				B01C9FDB20F658B800AB6AC5 /* main.cpp in Sources */,
			);
			runOnlyForDeploymentPostprocessing = 0;
		};
		B05DB9BF20EE899900C4EBFB /* Sources */ = {
			isa = PBXSourcesBuildPhase;
			buildActionMask = 2147483647;
			files = (
			);
			runOnlyForDeploymentPostprocessing = 0;
		};
		B05DB9CD20EE8A3500C4EBFB /* Sources */ = {
			isa = PBXSourcesBuildPhase;
			buildActionMask = 2147483647;
			files = (
				B05DB9D420EE8A3500C4EBFB /* main.cpp in Sources */,
			);
			runOnlyForDeploymentPostprocessing = 0;
		};
		B067610F20F57D51009B8634 /* Sources */ = {
			isa = PBXSourcesBuildPhase;
			buildActionMask = 2147483647;
			files = (
				B067611620F57D51009B8634 /* main.cpp in Sources */,
			);
			runOnlyForDeploymentPostprocessing = 0;
		};
/* End PBXSourcesBuildPhase section */

/* Begin XCBuildConfiguration section */
		B01C9FDC20F658B800AB6AC5 /* Debug */ = {
			isa = XCBuildConfiguration;
			buildSettings = {
				CODE_SIGN_STYLE = Automatic;
				PRODUCT_NAME = "$(TARGET_NAME)";
			};
			name = Debug;
		};
		B01C9FDD20F658B800AB6AC5 /* Release */ = {
			isa = XCBuildConfiguration;
			buildSettings = {
				CODE_SIGN_STYLE = Automatic;
				PRODUCT_NAME = "$(TARGET_NAME)";
			};
			name = Release;
		};
		B05DB9C820EE899900C4EBFB /* Debug */ = {
			isa = XCBuildConfiguration;
			buildSettings = {
				ALWAYS_SEARCH_USER_PATHS = NO;
				CLANG_ANALYZER_NONNULL = YES;
				CLANG_ANALYZER_NUMBER_OBJECT_CONVERSION = YES_AGGRESSIVE;
				CLANG_CXX_LANGUAGE_STANDARD = "gnu++14";
				CLANG_CXX_LIBRARY = "libc++";
				CLANG_ENABLE_MODULES = YES;
				CLANG_ENABLE_OBJC_ARC = YES;
				CLANG_ENABLE_OBJC_WEAK = YES;
				CLANG_WARN_BLOCK_CAPTURE_AUTORELEASING = YES;
				CLANG_WARN_BOOL_CONVERSION = YES;
				CLANG_WARN_COMMA = YES;
				CLANG_WARN_CONSTANT_CONVERSION = YES;
				CLANG_WARN_DEPRECATED_OBJC_IMPLEMENTATIONS = YES;
				CLANG_WARN_DIRECT_OBJC_ISA_USAGE = YES_ERROR;
				CLANG_WARN_DOCUMENTATION_COMMENTS = YES;
				CLANG_WARN_EMPTY_BODY = YES;
				CLANG_WARN_ENUM_CONVERSION = YES;
				CLANG_WARN_INFINITE_RECURSION = YES;
				CLANG_WARN_INT_CONVERSION = YES;
				CLANG_WARN_NON_LITERAL_NULL_CONVERSION = YES;
				CLANG_WARN_OBJC_IMPLICIT_RETAIN_SELF = YES;
				CLANG_WARN_OBJC_LITERAL_CONVERSION = YES;
				CLANG_WARN_OBJC_ROOT_CLASS = YES_ERROR;
				CLANG_WARN_RANGE_LOOP_ANALYSIS = YES;
				CLANG_WARN_STRICT_PROTOTYPES = YES;
				CLANG_WARN_SUSPICIOUS_MOVE = YES;
				CLANG_WARN_UNGUARDED_AVAILABILITY = YES_AGGRESSIVE;
				CLANG_WARN_UNREACHABLE_CODE = YES;
				CLANG_WARN__DUPLICATE_METHOD_MATCH = YES;
				CODE_SIGN_IDENTITY = "-";
				COPY_PHASE_STRIP = NO;
				DEBUG_INFORMATION_FORMAT = dwarf;
				ENABLE_STRICT_OBJC_MSGSEND = YES;
				ENABLE_TESTABILITY = YES;
				GCC_C_LANGUAGE_STANDARD = gnu11;
				GCC_DYNAMIC_NO_PIC = NO;
				GCC_NO_COMMON_BLOCKS = YES;
				GCC_OPTIMIZATION_LEVEL = 0;
				GCC_PREPROCESSOR_DEFINITIONS = (
					"DEBUG=1",
					"$(inherited)",
				);
				GCC_WARN_64_TO_32_BIT_CONVERSION = YES;
				GCC_WARN_ABOUT_RETURN_TYPE = YES_ERROR;
				GCC_WARN_UNDECLARED_SELECTOR = YES;
				GCC_WARN_UNINITIALIZED_AUTOS = YES_AGGRESSIVE;
				GCC_WARN_UNUSED_FUNCTION = YES;
				GCC_WARN_UNUSED_VARIABLE = YES;
				HEADER_SEARCH_PATHS = (
					/usr/local/include/,
					"/usr/local/Cellar/numpy/1.14.5_1/lib/python3.7/site-packages/numpy/core/include/",
					/usr/local/Cellar/python/3.7.0/Frameworks/Python.framework/Versions/3.7/include/python3.7m/,
				);
				LIBRARY_SEARCH_PATHS = (
					"$(inherited)",
					/usr/local/Cellar/opencv/3.4.1_5/lib,
				);
				"LIBRARY_SEARCH_PATHS[arch=*]" = (
					"$(inherited)",
					/usr/local/Cellar/opencv/3.4.1_5/lib,
				);
				MACOSX_DEPLOYMENT_TARGET = 10.13;
				MTL_ENABLE_DEBUG_INFO = YES;
				ONLY_ACTIVE_ARCH = YES;
				SDKROOT = macosx;
			};
			name = Debug;
		};
		B05DB9C920EE899900C4EBFB /* Release */ = {
			isa = XCBuildConfiguration;
			buildSettings = {
				ALWAYS_SEARCH_USER_PATHS = NO;
				CLANG_ANALYZER_NONNULL = YES;
				CLANG_ANALYZER_NUMBER_OBJECT_CONVERSION = YES_AGGRESSIVE;
				CLANG_CXX_LANGUAGE_STANDARD = "gnu++14";
				CLANG_CXX_LIBRARY = "libc++";
				CLANG_ENABLE_MODULES = YES;
				CLANG_ENABLE_OBJC_ARC = YES;
				CLANG_ENABLE_OBJC_WEAK = YES;
				CLANG_WARN_BLOCK_CAPTURE_AUTORELEASING = YES;
				CLANG_WARN_BOOL_CONVERSION = YES;
				CLANG_WARN_COMMA = YES;
				CLANG_WARN_CONSTANT_CONVERSION = YES;
				CLANG_WARN_DEPRECATED_OBJC_IMPLEMENTATIONS = YES;
				CLANG_WARN_DIRECT_OBJC_ISA_USAGE = YES_ERROR;
				CLANG_WARN_DOCUMENTATION_COMMENTS = YES;
				CLANG_WARN_EMPTY_BODY = YES;
				CLANG_WARN_ENUM_CONVERSION = YES;
				CLANG_WARN_INFINITE_RECURSION = YES;
				CLANG_WARN_INT_CONVERSION = YES;
				CLANG_WARN_NON_LITERAL_NULL_CONVERSION = YES;
				CLANG_WARN_OBJC_IMPLICIT_RETAIN_SELF = YES;
				CLANG_WARN_OBJC_LITERAL_CONVERSION = YES;
				CLANG_WARN_OBJC_ROOT_CLASS = YES_ERROR;
				CLANG_WARN_RANGE_LOOP_ANALYSIS = YES;
				CLANG_WARN_STRICT_PROTOTYPES = YES;
				CLANG_WARN_SUSPICIOUS_MOVE = YES;
				CLANG_WARN_UNGUARDED_AVAILABILITY = YES_AGGRESSIVE;
				CLANG_WARN_UNREACHABLE_CODE = YES;
				CLANG_WARN__DUPLICATE_METHOD_MATCH = YES;
				CODE_SIGN_IDENTITY = "-";
				COPY_PHASE_STRIP = NO;
				DEBUG_INFORMATION_FORMAT = "dwarf-with-dsym";
				ENABLE_NS_ASSERTIONS = NO;
				ENABLE_STRICT_OBJC_MSGSEND = YES;
				GCC_C_LANGUAGE_STANDARD = gnu11;
				GCC_NO_COMMON_BLOCKS = YES;
				GCC_WARN_64_TO_32_BIT_CONVERSION = YES;
				GCC_WARN_ABOUT_RETURN_TYPE = YES_ERROR;
				GCC_WARN_UNDECLARED_SELECTOR = YES;
				GCC_WARN_UNINITIALIZED_AUTOS = YES_AGGRESSIVE;
				GCC_WARN_UNUSED_FUNCTION = YES;
				GCC_WARN_UNUSED_VARIABLE = YES;
				HEADER_SEARCH_PATHS = (
					/usr/local/include/,
					"/usr/local/Cellar/numpy/1.14.5_1/lib/python3.7/site-packages/numpy/core/include/",
					/usr/local/Cellar/python/3.7.0/Frameworks/Python.framework/Versions/3.7/include/python3.7m/,
				);
				LIBRARY_SEARCH_PATHS = (
					"$(inherited)",
					/usr/local/Cellar/opencv/3.4.1_5/lib,
				);
				"LIBRARY_SEARCH_PATHS[arch=*]" = /usr/local/lib;
				MACOSX_DEPLOYMENT_TARGET = 10.13;
				MTL_ENABLE_DEBUG_INFO = NO;
				SDKROOT = macosx;
			};
			name = Release;
		};
		B05DB9CB20EE899900C4EBFB /* Debug */ = {
			isa = XCBuildConfiguration;
			buildSettings = {
				CODE_SIGN_STYLE = Automatic;
				LIBRARY_SEARCH_PATHS = (
					"$(inherited)",
					/usr/local/Cellar/opencv/3.4.1_5/lib,
				);
				PRODUCT_NAME = "$(TARGET_NAME)";
			};
			name = Debug;
		};
		B05DB9CC20EE899900C4EBFB /* Release */ = {
			isa = XCBuildConfiguration;
			buildSettings = {
				CODE_SIGN_STYLE = Automatic;
				LIBRARY_SEARCH_PATHS = (
					"$(inherited)",
					/usr/local/Cellar/opencv/3.4.1_5/lib,
				);
				PRODUCT_NAME = "$(TARGET_NAME)";
			};
			name = Release;
		};
		B05DB9D620EE8A3500C4EBFB /* Debug */ = {
			isa = XCBuildConfiguration;
			buildSettings = {
				ALWAYS_SEARCH_USER_PATHS = YES;
				CODE_SIGN_STYLE = Automatic;
				FRAMEWORK_SEARCH_PATHS = "$(inherited)";
				HEADER_SEARCH_PATHS = "$(inherited)";
				LIBRARY_SEARCH_PATHS = "$(inherited)";
				PRODUCT_NAME = "$(TARGET_NAME)";
			};
			name = Debug;
		};
		B05DB9D720EE8A3500C4EBFB /* Release */ = {
			isa = XCBuildConfiguration;
			buildSettings = {
				ALWAYS_SEARCH_USER_PATHS = YES;
				CODE_SIGN_STYLE = Automatic;
				FRAMEWORK_SEARCH_PATHS = "$(inherited)";
				HEADER_SEARCH_PATHS = "$(inherited)";
				LIBRARY_SEARCH_PATHS = "$(inherited)";
				PRODUCT_NAME = "$(TARGET_NAME)";
			};
			name = Release;
		};
		B067611820F57D51009B8634 /* Debug */ = {
			isa = XCBuildConfiguration;
			buildSettings = {
				CODE_SIGN_STYLE = Automatic;
				PRODUCT_NAME = "$(TARGET_NAME)";
			};
			name = Debug;
		};
		B067611920F57D51009B8634 /* Release */ = {
			isa = XCBuildConfiguration;
			buildSettings = {
				CODE_SIGN_STYLE = Automatic;
				PRODUCT_NAME = "$(TARGET_NAME)";
			};
			name = Release;
		};
/* End XCBuildConfiguration section */

/* Begin XCConfigurationList section */
		B01C9FDE20F658B800AB6AC5 /* Build configuration list for PBXNativeTarget "FeatureMatching3" */ = {
			isa = XCConfigurationList;
			buildConfigurations = (
				B01C9FDC20F658B800AB6AC5 /* Debug */,
				B01C9FDD20F658B800AB6AC5 /* Release */,
			);
			defaultConfigurationIsVisible = 0;
			defaultConfigurationName = Release;
		};
		B05DB9BE20EE899900C4EBFB /* Build configuration list for PBXProject "OpenCV" */ = {
			isa = XCConfigurationList;
			buildConfigurations = (
				B05DB9C820EE899900C4EBFB /* Debug */,
				B05DB9C920EE899900C4EBFB /* Release */,
			);
			defaultConfigurationIsVisible = 0;
			defaultConfigurationName = Release;
		};
		B05DB9CA20EE899900C4EBFB /* Build configuration list for PBXNativeTarget "OpenCV" */ = {
			isa = XCConfigurationList;
			buildConfigurations = (
				B05DB9CB20EE899900C4EBFB /* Debug */,
				B05DB9CC20EE899900C4EBFB /* Release */,
			);
			defaultConfigurationIsVisible = 0;
			defaultConfigurationName = Release;
		};
		B05DB9D520EE8A3500C4EBFB /* Build configuration list for PBXNativeTarget "FeatureMatching" */ = {
			isa = XCConfigurationList;
			buildConfigurations = (
				B05DB9D620EE8A3500C4EBFB /* Debug */,
				B05DB9D720EE8A3500C4EBFB /* Release */,
			);
			defaultConfigurationIsVisible = 0;
			defaultConfigurationName = Release;
		};
		B067611720F57D51009B8634 /* Build configuration list for PBXNativeTarget "FeatureMatching2" */ = {
			isa = XCConfigurationList;
			buildConfigurations = (
				B067611820F57D51009B8634 /* Debug */,
				B067611920F57D51009B8634 /* Release */,
			);
			defaultConfigurationIsVisible = 0;
			defaultConfigurationName = Release;
		};
/* End XCConfigurationList section */
	};
	rootObject = B05DB9BB20EE899900C4EBFB /* Project object */;
}
